// !$*UTF8*$!
{
	archiveVersion = 1;
	classes = {
	};
	objectVersion = 46;
	objects = {

/* Begin PBXBuildFile section */
		183678F7171C2B8C0078FA3F /* QuartzCore.framework in Frameworks */ = {isa = PBXBuildFile; fileRef = 183678F6171C2B8C0078FA3F /* QuartzCore.framework */; };
		183678F9171C2B8C0078FA3F /* OpenGLES.framework in Frameworks */ = {isa = PBXBuildFile; fileRef = 183678F8171C2B8C0078FA3F /* OpenGLES.framework */; };
		183678FB171C2B8C0078FA3F /* OpenAL.framework in Frameworks */ = {isa = PBXBuildFile; fileRef = 183678FA171C2B8C0078FA3F /* OpenAL.framework */; };
		183678FD171C2B8C0078FA3F /* AudioToolbox.framework in Frameworks */ = {isa = PBXBuildFile; fileRef = 183678FC171C2B8C0078FA3F /* AudioToolbox.framework */; };
		183678FF171C2B8C0078FA3F /* AVFoundation.framework in Frameworks */ = {isa = PBXBuildFile; fileRef = 183678FE171C2B8C0078FA3F /* AVFoundation.framework */; };
		18367901171C2B8C0078FA3F /* UIKit.framework in Frameworks */ = {isa = PBXBuildFile; fileRef = 18367900171C2B8C0078FA3F /* UIKit.framework */; };
		18367903171C2B8C0078FA3F /* Foundation.framework in Frameworks */ = {isa = PBXBuildFile; fileRef = 18367902171C2B8C0078FA3F /* Foundation.framework */; };
		18367905171C2B8C0078FA3F /* CoreGraphics.framework in Frameworks */ = {isa = PBXBuildFile; fileRef = 18367904171C2B8C0078FA3F /* CoreGraphics.framework */; };
		18367909171C2B8C0078FA3F /* Default.png in Resources */ = {isa = PBXBuildFile; fileRef = 18367908171C2B8C0078FA3F /* Default.png */; };
		1836790B171C2B8C0078FA3F /* fps_images.png in Resources */ = {isa = PBXBuildFile; fileRef = 1836790A171C2B8C0078FA3F /* fps_images.png */; };
		1836790D171C2B8C0078FA3F /* Icon-72.png in Resources */ = {isa = PBXBuildFile; fileRef = 1836790C171C2B8C0078FA3F /* Icon-72.png */; };
		1836790F171C2B8C0078FA3F /* Icon-Small-50.png in Resources */ = {isa = PBXBuildFile; fileRef = 1836790E171C2B8C0078FA3F /* Icon-Small-50.png */; };
		18367911171C2B8C0078FA3F /* Icon-Small.png in Resources */ = {isa = PBXBuildFile; fileRef = 18367910171C2B8C0078FA3F /* Icon-Small.png */; };
		18367913171C2B8C0078FA3F /* Icon-Small@2x.png in Resources */ = {isa = PBXBuildFile; fileRef = 18367912171C2B8C0078FA3F /* Icon-Small@2x.png */; };
		18367915171C2B8C0078FA3F /* Icon.png in Resources */ = {isa = PBXBuildFile; fileRef = 18367914171C2B8C0078FA3F /* Icon.png */; };
		18367917171C2B8C0078FA3F /* Icon@2x.png in Resources */ = {isa = PBXBuildFile; fileRef = 18367916171C2B8C0078FA3F /* Icon@2x.png */; };
		1836791A171C2B8C0078FA3F /* iTunesArtwork in Resources */ = {isa = PBXBuildFile; fileRef = 18367919171C2B8C0078FA3F /* iTunesArtwork */; };
		1836791F171C2B8C0078FA3F /* CCAction.m in Sources */ = {isa = PBXBuildFile; fileRef = 1836791E171C2B8C0078FA3F /* CCAction.m */; };
		18367922171C2B8C0078FA3F /* CCActionCamera.m in Sources */ = {isa = PBXBuildFile; fileRef = 18367921171C2B8C0078FA3F /* CCActionCamera.m */; };
		18367925171C2B8C0078FA3F /* CCActionEase.m in Sources */ = {isa = PBXBuildFile; fileRef = 18367924171C2B8C0078FA3F /* CCActionEase.m */; };
		18367928171C2B8C0078FA3F /* CCActionGrid.m in Sources */ = {isa = PBXBuildFile; fileRef = 18367927171C2B8C0078FA3F /* CCActionGrid.m */; };
		1836792B171C2B8D0078FA3F /* CCActionGrid3D.m in Sources */ = {isa = PBXBuildFile; fileRef = 1836792A171C2B8D0078FA3F /* CCActionGrid3D.m */; };
		1836792E171C2B8D0078FA3F /* CCActionInstant.m in Sources */ = {isa = PBXBuildFile; fileRef = 1836792D171C2B8D0078FA3F /* CCActionInstant.m */; };
		18367931171C2B8D0078FA3F /* CCActionInterval.m in Sources */ = {isa = PBXBuildFile; fileRef = 18367930171C2B8D0078FA3F /* CCActionInterval.m */; };
		18367934171C2B8D0078FA3F /* CCActionManager.m in Sources */ = {isa = PBXBuildFile; fileRef = 18367933171C2B8D0078FA3F /* CCActionManager.m */; };
		18367937171C2B8D0078FA3F /* CCActionPageTurn3D.m in Sources */ = {isa = PBXBuildFile; fileRef = 18367936171C2B8D0078FA3F /* CCActionPageTurn3D.m */; };
		1836793A171C2B8D0078FA3F /* CCActionProgressTimer.m in Sources */ = {isa = PBXBuildFile; fileRef = 18367939171C2B8D0078FA3F /* CCActionProgressTimer.m */; };
		1836793D171C2B8D0078FA3F /* CCActionTiledGrid.m in Sources */ = {isa = PBXBuildFile; fileRef = 1836793C171C2B8D0078FA3F /* CCActionTiledGrid.m */; };
		18367940171C2B8D0078FA3F /* CCActionTween.m in Sources */ = {isa = PBXBuildFile; fileRef = 1836793F171C2B8D0078FA3F /* CCActionTween.m */; };
		18367943171C2B8D0078FA3F /* CCAnimation.m in Sources */ = {isa = PBXBuildFile; fileRef = 18367942171C2B8D0078FA3F /* CCAnimation.m */; };
		18367946171C2B8D0078FA3F /* CCAnimationCache.m in Sources */ = {isa = PBXBuildFile; fileRef = 18367945171C2B8D0078FA3F /* CCAnimationCache.m */; };
		18367949171C2B8D0078FA3F /* CCAtlasNode.m in Sources */ = {isa = PBXBuildFile; fileRef = 18367948171C2B8D0078FA3F /* CCAtlasNode.m */; };
		1836794C171C2B8D0078FA3F /* CCBlockSupport.m in Sources */ = {isa = PBXBuildFile; fileRef = 1836794B171C2B8D0078FA3F /* CCBlockSupport.m */; };
		1836794F171C2B8D0078FA3F /* CCCamera.m in Sources */ = {isa = PBXBuildFile; fileRef = 1836794E171C2B8D0078FA3F /* CCCamera.m */; };
		18367953171C2B8D0078FA3F /* CCConfiguration.m in Sources */ = {isa = PBXBuildFile; fileRef = 18367952171C2B8D0078FA3F /* CCConfiguration.m */; };
		18367956171C2B8D0078FA3F /* CCDirector.m in Sources */ = {isa = PBXBuildFile; fileRef = 18367955171C2B8D0078FA3F /* CCDirector.m */; };
		18367959171C2B8D0078FA3F /* CCDrawingPrimitives.m in Sources */ = {isa = PBXBuildFile; fileRef = 18367958171C2B8D0078FA3F /* CCDrawingPrimitives.m */; };
		1836795C171C2B8D0078FA3F /* CCGrabber.m in Sources */ = {isa = PBXBuildFile; fileRef = 1836795B171C2B8D0078FA3F /* CCGrabber.m */; };
		1836795F171C2B8D0078FA3F /* CCGrid.m in Sources */ = {isa = PBXBuildFile; fileRef = 1836795E171C2B8D0078FA3F /* CCGrid.m */; };
		18367962171C2B8D0078FA3F /* CCLabelAtlas.m in Sources */ = {isa = PBXBuildFile; fileRef = 18367961171C2B8D0078FA3F /* CCLabelAtlas.m */; };
		18367965171C2B8D0078FA3F /* CCLabelBMFont.m in Sources */ = {isa = PBXBuildFile; fileRef = 18367964171C2B8D0078FA3F /* CCLabelBMFont.m */; };
		18367968171C2B8D0078FA3F /* CCLabelTTF.m in Sources */ = {isa = PBXBuildFile; fileRef = 18367967171C2B8D0078FA3F /* CCLabelTTF.m */; };
		1836796B171C2B8D0078FA3F /* CCLayer.m in Sources */ = {isa = PBXBuildFile; fileRef = 1836796A171C2B8D0078FA3F /* CCLayer.m */; };
		1836796F171C2B8D0078FA3F /* CCMenu.m in Sources */ = {isa = PBXBuildFile; fileRef = 1836796E171C2B8D0078FA3F /* CCMenu.m */; };
		18367972171C2B8D0078FA3F /* CCMenuItem.m in Sources */ = {isa = PBXBuildFile; fileRef = 18367971171C2B8D0078FA3F /* CCMenuItem.m */; };
		18367975171C2B8D0078FA3F /* CCMotionStreak.m in Sources */ = {isa = PBXBuildFile; fileRef = 18367974171C2B8D0078FA3F /* CCMotionStreak.m */; };
		18367978171C2B8D0078FA3F /* CCNode.m in Sources */ = {isa = PBXBuildFile; fileRef = 18367977171C2B8D0078FA3F /* CCNode.m */; };
		1836797B171C2B8E0078FA3F /* CCParallaxNode.m in Sources */ = {isa = PBXBuildFile; fileRef = 1836797A171C2B8E0078FA3F /* CCParallaxNode.m */; };
		1836797E171C2B8E0078FA3F /* CCParticleExamples.m in Sources */ = {isa = PBXBuildFile; fileRef = 1836797D171C2B8E0078FA3F /* CCParticleExamples.m */; };
		18367981171C2B8E0078FA3F /* CCParticleSystem.m in Sources */ = {isa = PBXBuildFile; fileRef = 18367980171C2B8E0078FA3F /* CCParticleSystem.m */; };
		18367984171C2B8E0078FA3F /* CCParticleSystemPoint.m in Sources */ = {isa = PBXBuildFile; fileRef = 18367983171C2B8E0078FA3F /* CCParticleSystemPoint.m */; };
		18367987171C2B8E0078FA3F /* CCParticleSystemQuad.m in Sources */ = {isa = PBXBuildFile; fileRef = 18367986171C2B8E0078FA3F /* CCParticleSystemQuad.m */; };
		1836798A171C2B8E0078FA3F /* CCProgressTimer.m in Sources */ = {isa = PBXBuildFile; fileRef = 18367989171C2B8E0078FA3F /* CCProgressTimer.m */; };
		1836798E171C2B8E0078FA3F /* CCRenderTexture.m in Sources */ = {isa = PBXBuildFile; fileRef = 1836798D171C2B8E0078FA3F /* CCRenderTexture.m */; };
		18367991171C2B8E0078FA3F /* CCRibbon.m in Sources */ = {isa = PBXBuildFile; fileRef = 18367990171C2B8E0078FA3F /* CCRibbon.m */; };
		18367994171C2B8E0078FA3F /* CCScene.m in Sources */ = {isa = PBXBuildFile; fileRef = 18367993171C2B8E0078FA3F /* CCScene.m */; };
		18367997171C2B8E0078FA3F /* CCScheduler.m in Sources */ = {isa = PBXBuildFile; fileRef = 18367996171C2B8E0078FA3F /* CCScheduler.m */; };
		1836799A171C2B8E0078FA3F /* CCSprite.m in Sources */ = {isa = PBXBuildFile; fileRef = 18367999171C2B8E0078FA3F /* CCSprite.m */; };
		1836799D171C2B8E0078FA3F /* CCSpriteBatchNode.m in Sources */ = {isa = PBXBuildFile; fileRef = 1836799C171C2B8E0078FA3F /* CCSpriteBatchNode.m */; };
		183679A0171C2B8E0078FA3F /* CCSpriteFrame.m in Sources */ = {isa = PBXBuildFile; fileRef = 1836799F171C2B8E0078FA3F /* CCSpriteFrame.m */; };
		183679A3171C2B8E0078FA3F /* CCSpriteFrameCache.m in Sources */ = {isa = PBXBuildFile; fileRef = 183679A2171C2B8E0078FA3F /* CCSpriteFrameCache.m */; };
		183679A6171C2B8E0078FA3F /* CCTexture2D.m in Sources */ = {isa = PBXBuildFile; fileRef = 183679A5171C2B8E0078FA3F /* CCTexture2D.m */; };
		183679A9171C2B8E0078FA3F /* CCTextureAtlas.m in Sources */ = {isa = PBXBuildFile; fileRef = 183679A8171C2B8E0078FA3F /* CCTextureAtlas.m */; };
		183679AC171C2B8E0078FA3F /* CCTextureCache.m in Sources */ = {isa = PBXBuildFile; fileRef = 183679AB171C2B8E0078FA3F /* CCTextureCache.m */; };
		183679AF171C2B8E0078FA3F /* CCTexturePVR.m in Sources */ = {isa = PBXBuildFile; fileRef = 183679AE171C2B8E0078FA3F /* CCTexturePVR.m */; };
		183679B2171C2B8E0078FA3F /* CCTileMapAtlas.m in Sources */ = {isa = PBXBuildFile; fileRef = 183679B1171C2B8E0078FA3F /* CCTileMapAtlas.m */; };
		183679B5171C2B8F0078FA3F /* CCTMXLayer.m in Sources */ = {isa = PBXBuildFile; fileRef = 183679B4171C2B8F0078FA3F /* CCTMXLayer.m */; };
		183679B8171C2B8F0078FA3F /* CCTMXObjectGroup.m in Sources */ = {isa = PBXBuildFile; fileRef = 183679B7171C2B8F0078FA3F /* CCTMXObjectGroup.m */; };
		183679BB171C2B8F0078FA3F /* CCTMXTiledMap.m in Sources */ = {isa = PBXBuildFile; fileRef = 183679BA171C2B8F0078FA3F /* CCTMXTiledMap.m */; };
		183679BE171C2B8F0078FA3F /* CCTMXXMLParser.m in Sources */ = {isa = PBXBuildFile; fileRef = 183679BD171C2B8F0078FA3F /* CCTMXXMLParser.m */; };
		183679C1171C2B8F0078FA3F /* CCTransition.m in Sources */ = {isa = PBXBuildFile; fileRef = 183679C0171C2B8F0078FA3F /* CCTransition.m */; };
		183679C4171C2B8F0078FA3F /* CCTransitionPageTurn.m in Sources */ = {isa = PBXBuildFile; fileRef = 183679C3171C2B8F0078FA3F /* CCTransitionPageTurn.m */; };
		183679C7171C2B8F0078FA3F /* CCTransitionRadial.m in Sources */ = {isa = PBXBuildFile; fileRef = 183679C6171C2B8F0078FA3F /* CCTransitionRadial.m */; };
		183679CB171C2B8F0078FA3F /* cocos2d.m in Sources */ = {isa = PBXBuildFile; fileRef = 183679CA171C2B8F0078FA3F /* cocos2d.m */; };
		183679D2171C2B8F0078FA3F /* CCDirectorIOS.m in Sources */ = {isa = PBXBuildFile; fileRef = 183679D1171C2B8F0078FA3F /* CCDirectorIOS.m */; };
		183679D6171C2B8F0078FA3F /* CCTouchDispatcher.m in Sources */ = {isa = PBXBuildFile; fileRef = 183679D5171C2B8F0078FA3F /* CCTouchDispatcher.m */; };
		183679D9171C2B8F0078FA3F /* CCTouchHandler.m in Sources */ = {isa = PBXBuildFile; fileRef = 183679D8171C2B8F0078FA3F /* CCTouchHandler.m */; };
		183679DC171C2B8F0078FA3F /* EAGLView.m in Sources */ = {isa = PBXBuildFile; fileRef = 183679DB171C2B8F0078FA3F /* EAGLView.m */; };
		183679DF171C2B8F0078FA3F /* ES1Renderer.m in Sources */ = {isa = PBXBuildFile; fileRef = 183679DE171C2B8F0078FA3F /* ES1Renderer.m */; };
		183679E2171C2B8F0078FA3F /* glu.c in Sources */ = {isa = PBXBuildFile; fileRef = 183679E1171C2B8F0078FA3F /* glu.c */; };
		183679E7171C2B8F0078FA3F /* CCDirectorMac.m in Sources */ = {isa = PBXBuildFile; fileRef = 183679E6171C2B8F0078FA3F /* CCDirectorMac.m */; };
		183679EA171C2B8F0078FA3F /* CCEventDispatcher.m in Sources */ = {isa = PBXBuildFile; fileRef = 183679E9171C2B8F0078FA3F /* CCEventDispatcher.m */; };
		183679ED171C2B8F0078FA3F /* MacGLView.m in Sources */ = {isa = PBXBuildFile; fileRef = 183679EC171C2B8F0078FA3F /* MacGLView.m */; };
		183679F0171C2B8F0078FA3F /* MacWindow.m in Sources */ = {isa = PBXBuildFile; fileRef = 183679EF171C2B8F0078FA3F /* MacWindow.m */; };
		183679F3171C2B8F0078FA3F /* base64.c in Sources */ = {isa = PBXBuildFile; fileRef = 183679F2171C2B8F0078FA3F /* base64.c */; };
		183679F7171C2B8F0078FA3F /* CCArray.m in Sources */ = {isa = PBXBuildFile; fileRef = 183679F6171C2B8F0078FA3F /* CCArray.m */; };
		183679FB171C2B900078FA3F /* CCFileUtils.m in Sources */ = {isa = PBXBuildFile; fileRef = 183679FA171C2B900078FA3F /* CCFileUtils.m */; };
		183679FE171C2B900078FA3F /* CCProfiling.m in Sources */ = {isa = PBXBuildFile; fileRef = 183679FD171C2B900078FA3F /* CCProfiling.m */; };
		18367A00171C2B900078FA3F /* ccUtils.c in Sources */ = {isa = PBXBuildFile; fileRef = 183679FF171C2B900078FA3F /* ccUtils.c */; };
		18367A04171C2B900078FA3F /* CGPointExtension.m in Sources */ = {isa = PBXBuildFile; fileRef = 18367A03171C2B900078FA3F /* CGPointExtension.m */; };
		18367A08171C2B900078FA3F /* TGAlib.m in Sources */ = {isa = PBXBuildFile; fileRef = 18367A07171C2B900078FA3F /* TGAlib.m */; };
		18367A0B171C2B900078FA3F /* TransformUtils.m in Sources */ = {isa = PBXBuildFile; fileRef = 18367A0A171C2B900078FA3F /* TransformUtils.m */; };
		18367A10171C2B900078FA3F /* ZipUtils.m in Sources */ = {isa = PBXBuildFile; fileRef = 18367A0F171C2B900078FA3F /* ZipUtils.m */; };
		18367A15171C2B900078FA3F /* CDAudioManager.m in Sources */ = {isa = PBXBuildFile; fileRef = 18367A14171C2B900078FA3F /* CDAudioManager.m */; };
		18367A19171C2B900078FA3F /* CDOpenALSupport.m in Sources */ = {isa = PBXBuildFile; fileRef = 18367A18171C2B900078FA3F /* CDOpenALSupport.m */; };
		18367A1C171C2B900078FA3F /* CocosDenshion.m in Sources */ = {isa = PBXBuildFile; fileRef = 18367A1B171C2B900078FA3F /* CocosDenshion.m */; };
		18367A1F171C2B900078FA3F /* SimpleAudioEngine.m in Sources */ = {isa = PBXBuildFile; fileRef = 18367A1E171C2B900078FA3F /* SimpleAudioEngine.m */; };
		18367A24171C2B900078FA3F /* CLScoreServerPost.m in Sources */ = {isa = PBXBuildFile; fileRef = 18367A23171C2B900078FA3F /* CLScoreServerPost.m */; };
		18367A27171C2B900078FA3F /* CLScoreServerRequest.m in Sources */ = {isa = PBXBuildFile; fileRef = 18367A26171C2B900078FA3F /* CLScoreServerRequest.m */; };
		18367A2A171C2B900078FA3F /* cocoslive.m in Sources */ = {isa = PBXBuildFile; fileRef = 18367A29171C2B900078FA3F /* cocoslive.m */; };
		18367A2F171C2B910078FA3F /* CDataScanner.m in Sources */ = {isa = PBXBuildFile; fileRef = 18367A2E171C2B910078FA3F /* CDataScanner.m */; };
		18367A33171C2B910078FA3F /* CDataScanner_Extensions.m in Sources */ = {isa = PBXBuildFile; fileRef = 18367A32171C2B910078FA3F /* CDataScanner_Extensions.m */; };
		18367A36171C2B910078FA3F /* NSDictionary_JSONExtensions.m in Sources */ = {isa = PBXBuildFile; fileRef = 18367A35171C2B910078FA3F /* NSDictionary_JSONExtensions.m */; };
		18367A3A171C2B910078FA3F /* CJSONDeserializer.m in Sources */ = {isa = PBXBuildFile; fileRef = 18367A39171C2B910078FA3F /* CJSONDeserializer.m */; };
		18367A3D171C2B910078FA3F /* CJSONScanner.m in Sources */ = {isa = PBXBuildFile; fileRef = 18367A3C171C2B910078FA3F /* CJSONScanner.m */; };
		18367A40171C2B910078FA3F /* CJSONSerializer.m in Sources */ = {isa = PBXBuildFile; fileRef = 18367A3F171C2B910078FA3F /* CJSONSerializer.m */; };
		18367A45171C2B910078FA3F /* FontLabel.m in Sources */ = {isa = PBXBuildFile; fileRef = 18367A44171C2B910078FA3F /* FontLabel.m */; };
		18367A48171C2B910078FA3F /* FontLabelStringDrawing.m in Sources */ = {isa = PBXBuildFile; fileRef = 18367A47171C2B910078FA3F /* FontLabelStringDrawing.m */; };
		18367A4B171C2B910078FA3F /* FontManager.m in Sources */ = {isa = PBXBuildFile; fileRef = 18367A4A171C2B910078FA3F /* FontManager.m */; };
		18367A4E171C2B910078FA3F /* ZAttributedString.m in Sources */ = {isa = PBXBuildFile; fileRef = 18367A4D171C2B910078FA3F /* ZAttributedString.m */; };
		18367A52171C2B910078FA3F /* ZFont.m in Sources */ = {isa = PBXBuildFile; fileRef = 18367A51171C2B910078FA3F /* ZFont.m */; };
		18367A57171C2B910078FA3F /* main.m in Sources */ = {isa = PBXBuildFile; fileRef = 18367A56171C2B910078FA3F /* main.m */; };
		18367A5A171C2B910078FA3F /* AppDelegate.m in Sources */ = {isa = PBXBuildFile; fileRef = 18367A59171C2B910078FA3F /* AppDelegate.m */; };
		18367A5D171C2B910078FA3F /* RootViewController.m in Sources */ = {isa = PBXBuildFile; fileRef = 18367A5C171C2B910078FA3F /* RootViewController.m */; };
		18367A60171C2B910078FA3F /* HelloWorldLayer.m in Sources */ = {isa = PBXBuildFile; fileRef = 18367A5F171C2B910078FA3F /* HelloWorldLayer.m */; };
		18367A69171C2BA40078FA3F /* JXTextureManager.m in Sources */ = {isa = PBXBuildFile; fileRef = 18367A68171C2BA40078FA3F /* JXTextureManager.m */; };
/* End PBXBuildFile section */

/* Begin PBXFileReference section */
		183678F3171C2B8C0078FA3F /* JXTextureManager.app */ = {isa = PBXFileReference; explicitFileType = wrapper.application; includeInIndex = 0; path = JXTextureManager.app; sourceTree = BUILT_PRODUCTS_DIR; };
		183678F6171C2B8C0078FA3F /* QuartzCore.framework */ = {isa = PBXFileReference; lastKnownFileType = wrapper.framework; name = QuartzCore.framework; path = System/Library/Frameworks/QuartzCore.framework; sourceTree = SDKROOT; };
		183678F8171C2B8C0078FA3F /* OpenGLES.framework */ = {isa = PBXFileReference; lastKnownFileType = wrapper.framework; name = OpenGLES.framework; path = System/Library/Frameworks/OpenGLES.framework; sourceTree = SDKROOT; };
		183678FA171C2B8C0078FA3F /* OpenAL.framework */ = {isa = PBXFileReference; lastKnownFileType = wrapper.framework; name = OpenAL.framework; path = System/Library/Frameworks/OpenAL.framework; sourceTree = SDKROOT; };
		183678FC171C2B8C0078FA3F /* AudioToolbox.framework */ = {isa = PBXFileReference; lastKnownFileType = wrapper.framework; name = AudioToolbox.framework; path = System/Library/Frameworks/AudioToolbox.framework; sourceTree = SDKROOT; };
		183678FE171C2B8C0078FA3F /* AVFoundation.framework */ = {isa = PBXFileReference; lastKnownFileType = wrapper.framework; name = AVFoundation.framework; path = System/Library/Frameworks/AVFoundation.framework; sourceTree = SDKROOT; };
		18367900171C2B8C0078FA3F /* UIKit.framework */ = {isa = PBXFileReference; lastKnownFileType = wrapper.framework; name = UIKit.framework; path = System/Library/Frameworks/UIKit.framework; sourceTree = SDKROOT; };
		18367902171C2B8C0078FA3F /* Foundation.framework */ = {isa = PBXFileReference; lastKnownFileType = wrapper.framework; name = Foundation.framework; path = System/Library/Frameworks/Foundation.framework; sourceTree = SDKROOT; };
		18367904171C2B8C0078FA3F /* CoreGraphics.framework */ = {isa = PBXFileReference; lastKnownFileType = wrapper.framework; name = CoreGraphics.framework; path = System/Library/Frameworks/CoreGraphics.framework; sourceTree = SDKROOT; };
		18367908171C2B8C0078FA3F /* Default.png */ = {isa = PBXFileReference; lastKnownFileType = image.png; name = Default.png; path = Resources/Default.png; sourceTree = "<group>"; };
		1836790A171C2B8C0078FA3F /* fps_images.png */ = {isa = PBXFileReference; lastKnownFileType = image.png; name = fps_images.png; path = Resources/fps_images.png; sourceTree = "<group>"; };
		1836790C171C2B8C0078FA3F /* Icon-72.png */ = {isa = PBXFileReference; lastKnownFileType = image.png; name = "Icon-72.png"; path = "Resources/Icon-72.png"; sourceTree = "<group>"; };
		1836790E171C2B8C0078FA3F /* Icon-Small-50.png */ = {isa = PBXFileReference; lastKnownFileType = image.png; name = "Icon-Small-50.png"; path = "Resources/Icon-Small-50.png"; sourceTree = "<group>"; };
		18367910171C2B8C0078FA3F /* Icon-Small.png */ = {isa = PBXFileReference; lastKnownFileType = image.png; name = "Icon-Small.png"; path = "Resources/Icon-Small.png"; sourceTree = "<group>"; };
		18367912171C2B8C0078FA3F /* Icon-Small@2x.png */ = {isa = PBXFileReference; lastKnownFileType = image.png; name = "Icon-Small@2x.png"; path = "Resources/Icon-Small@2x.png"; sourceTree = "<group>"; };
		18367914171C2B8C0078FA3F /* Icon.png */ = {isa = PBXFileReference; lastKnownFileType = image.png; name = Icon.png; path = Resources/Icon.png; sourceTree = "<group>"; };
		18367916171C2B8C0078FA3F /* Icon@2x.png */ = {isa = PBXFileReference; lastKnownFileType = image.png; name = "Icon@2x.png"; path = "Resources/Icon@2x.png"; sourceTree = "<group>"; };
		18367918171C2B8C0078FA3F /* Info.plist */ = {isa = PBXFileReference; lastKnownFileType = text.plist.xml; name = Info.plist; path = Resources/Info.plist; sourceTree = "<group>"; };
		18367919171C2B8C0078FA3F /* iTunesArtwork */ = {isa = PBXFileReference; lastKnownFileType = file; name = iTunesArtwork; path = Resources/iTunesArtwork; sourceTree = "<group>"; };
		1836791D171C2B8C0078FA3F /* CCAction.h */ = {isa = PBXFileReference; lastKnownFileType = sourcecode.c.h; name = CCAction.h; path = libs/cocos2d/CCAction.h; sourceTree = "<group>"; };
		1836791E171C2B8C0078FA3F /* CCAction.m */ = {isa = PBXFileReference; lastKnownFileType = sourcecode.c.objc; name = CCAction.m; path = libs/cocos2d/CCAction.m; sourceTree = "<group>"; };
		18367920171C2B8C0078FA3F /* CCActionCamera.h */ = {isa = PBXFileReference; lastKnownFileType = sourcecode.c.h; name = CCActionCamera.h; path = libs/cocos2d/CCActionCamera.h; sourceTree = "<group>"; };
		18367921171C2B8C0078FA3F /* CCActionCamera.m */ = {isa = PBXFileReference; lastKnownFileType = sourcecode.c.objc; name = CCActionCamera.m; path = libs/cocos2d/CCActionCamera.m; sourceTree = "<group>"; };
		18367923171C2B8C0078FA3F /* CCActionEase.h */ = {isa = PBXFileReference; lastKnownFileType = sourcecode.c.h; name = CCActionEase.h; path = libs/cocos2d/CCActionEase.h; sourceTree = "<group>"; };
		18367924171C2B8C0078FA3F /* CCActionEase.m */ = {isa = PBXFileReference; lastKnownFileType = sourcecode.c.objc; name = CCActionEase.m; path = libs/cocos2d/CCActionEase.m; sourceTree = "<group>"; };
		18367926171C2B8C0078FA3F /* CCActionGrid.h */ = {isa = PBXFileReference; lastKnownFileType = sourcecode.c.h; name = CCActionGrid.h; path = libs/cocos2d/CCActionGrid.h; sourceTree = "<group>"; };
		18367927171C2B8C0078FA3F /* CCActionGrid.m */ = {isa = PBXFileReference; lastKnownFileType = sourcecode.c.objc; name = CCActionGrid.m; path = libs/cocos2d/CCActionGrid.m; sourceTree = "<group>"; };
		18367929171C2B8C0078FA3F /* CCActionGrid3D.h */ = {isa = PBXFileReference; lastKnownFileType = sourcecode.c.h; name = CCActionGrid3D.h; path = libs/cocos2d/CCActionGrid3D.h; sourceTree = "<group>"; };
		1836792A171C2B8D0078FA3F /* CCActionGrid3D.m */ = {isa = PBXFileReference; lastKnownFileType = sourcecode.c.objc; name = CCActionGrid3D.m; path = libs/cocos2d/CCActionGrid3D.m; sourceTree = "<group>"; };
		1836792C171C2B8D0078FA3F /* CCActionInstant.h */ = {isa = PBXFileReference; lastKnownFileType = sourcecode.c.h; name = CCActionInstant.h; path = libs/cocos2d/CCActionInstant.h; sourceTree = "<group>"; };
		1836792D171C2B8D0078FA3F /* CCActionInstant.m */ = {isa = PBXFileReference; lastKnownFileType = sourcecode.c.objc; name = CCActionInstant.m; path = libs/cocos2d/CCActionInstant.m; sourceTree = "<group>"; };
		1836792F171C2B8D0078FA3F /* CCActionInterval.h */ = {isa = PBXFileReference; lastKnownFileType = sourcecode.c.h; name = CCActionInterval.h; path = libs/cocos2d/CCActionInterval.h; sourceTree = "<group>"; };
		18367930171C2B8D0078FA3F /* CCActionInterval.m */ = {isa = PBXFileReference; lastKnownFileType = sourcecode.c.objc; name = CCActionInterval.m; path = libs/cocos2d/CCActionInterval.m; sourceTree = "<group>"; };
		18367932171C2B8D0078FA3F /* CCActionManager.h */ = {isa = PBXFileReference; lastKnownFileType = sourcecode.c.h; name = CCActionManager.h; path = libs/cocos2d/CCActionManager.h; sourceTree = "<group>"; };
		18367933171C2B8D0078FA3F /* CCActionManager.m */ = {isa = PBXFileReference; lastKnownFileType = sourcecode.c.objc; name = CCActionManager.m; path = libs/cocos2d/CCActionManager.m; sourceTree = "<group>"; };
		18367935171C2B8D0078FA3F /* CCActionPageTurn3D.h */ = {isa = PBXFileReference; lastKnownFileType = sourcecode.c.h; name = CCActionPageTurn3D.h; path = libs/cocos2d/CCActionPageTurn3D.h; sourceTree = "<group>"; };
		18367936171C2B8D0078FA3F /* CCActionPageTurn3D.m */ = {isa = PBXFileReference; lastKnownFileType = sourcecode.c.objc; name = CCActionPageTurn3D.m; path = libs/cocos2d/CCActionPageTurn3D.m; sourceTree = "<group>"; };
		18367938171C2B8D0078FA3F /* CCActionProgressTimer.h */ = {isa = PBXFileReference; lastKnownFileType = sourcecode.c.h; name = CCActionProgressTimer.h; path = libs/cocos2d/CCActionProgressTimer.h; sourceTree = "<group>"; };
		18367939171C2B8D0078FA3F /* CCActionProgressTimer.m */ = {isa = PBXFileReference; lastKnownFileType = sourcecode.c.objc; name = CCActionProgressTimer.m; path = libs/cocos2d/CCActionProgressTimer.m; sourceTree = "<group>"; };
		1836793B171C2B8D0078FA3F /* CCActionTiledGrid.h */ = {isa = PBXFileReference; lastKnownFileType = sourcecode.c.h; name = CCActionTiledGrid.h; path = libs/cocos2d/CCActionTiledGrid.h; sourceTree = "<group>"; };
		1836793C171C2B8D0078FA3F /* CCActionTiledGrid.m */ = {isa = PBXFileReference; lastKnownFileType = sourcecode.c.objc; name = CCActionTiledGrid.m; path = libs/cocos2d/CCActionTiledGrid.m; sourceTree = "<group>"; };
		1836793E171C2B8D0078FA3F /* CCActionTween.h */ = {isa = PBXFileReference; lastKnownFileType = sourcecode.c.h; name = CCActionTween.h; path = libs/cocos2d/CCActionTween.h; sourceTree = "<group>"; };
		1836793F171C2B8D0078FA3F /* CCActionTween.m */ = {isa = PBXFileReference; lastKnownFileType = sourcecode.c.objc; name = CCActionTween.m; path = libs/cocos2d/CCActionTween.m; sourceTree = "<group>"; };
		18367941171C2B8D0078FA3F /* CCAnimation.h */ = {isa = PBXFileReference; lastKnownFileType = sourcecode.c.h; name = CCAnimation.h; path = libs/cocos2d/CCAnimation.h; sourceTree = "<group>"; };
		18367942171C2B8D0078FA3F /* CCAnimation.m */ = {isa = PBXFileReference; lastKnownFileType = sourcecode.c.objc; name = CCAnimation.m; path = libs/cocos2d/CCAnimation.m; sourceTree = "<group>"; };
		18367944171C2B8D0078FA3F /* CCAnimationCache.h */ = {isa = PBXFileReference; lastKnownFileType = sourcecode.c.h; name = CCAnimationCache.h; path = libs/cocos2d/CCAnimationCache.h; sourceTree = "<group>"; };
		18367945171C2B8D0078FA3F /* CCAnimationCache.m */ = {isa = PBXFileReference; lastKnownFileType = sourcecode.c.objc; name = CCAnimationCache.m; path = libs/cocos2d/CCAnimationCache.m; sourceTree = "<group>"; };
		18367947171C2B8D0078FA3F /* CCAtlasNode.h */ = {isa = PBXFileReference; lastKnownFileType = sourcecode.c.h; name = CCAtlasNode.h; path = libs/cocos2d/CCAtlasNode.h; sourceTree = "<group>"; };
		18367948171C2B8D0078FA3F /* CCAtlasNode.m */ = {isa = PBXFileReference; lastKnownFileType = sourcecode.c.objc; name = CCAtlasNode.m; path = libs/cocos2d/CCAtlasNode.m; sourceTree = "<group>"; };
		1836794A171C2B8D0078FA3F /* CCBlockSupport.h */ = {isa = PBXFileReference; lastKnownFileType = sourcecode.c.h; name = CCBlockSupport.h; path = libs/cocos2d/CCBlockSupport.h; sourceTree = "<group>"; };
		1836794B171C2B8D0078FA3F /* CCBlockSupport.m */ = {isa = PBXFileReference; lastKnownFileType = sourcecode.c.objc; name = CCBlockSupport.m; path = libs/cocos2d/CCBlockSupport.m; sourceTree = "<group>"; };
		1836794D171C2B8D0078FA3F /* CCCamera.h */ = {isa = PBXFileReference; lastKnownFileType = sourcecode.c.h; name = CCCamera.h; path = libs/cocos2d/CCCamera.h; sourceTree = "<group>"; };
		1836794E171C2B8D0078FA3F /* CCCamera.m */ = {isa = PBXFileReference; lastKnownFileType = sourcecode.c.objc; name = CCCamera.m; path = libs/cocos2d/CCCamera.m; sourceTree = "<group>"; };
		18367950171C2B8D0078FA3F /* ccConfig.h */ = {isa = PBXFileReference; lastKnownFileType = sourcecode.c.h; name = ccConfig.h; path = libs/cocos2d/ccConfig.h; sourceTree = "<group>"; };
		18367951171C2B8D0078FA3F /* CCConfiguration.h */ = {isa = PBXFileReference; lastKnownFileType = sourcecode.c.h; name = CCConfiguration.h; path = libs/cocos2d/CCConfiguration.h; sourceTree = "<group>"; };
		18367952171C2B8D0078FA3F /* CCConfiguration.m */ = {isa = PBXFileReference; lastKnownFileType = sourcecode.c.objc; name = CCConfiguration.m; path = libs/cocos2d/CCConfiguration.m; sourceTree = "<group>"; };
		18367954171C2B8D0078FA3F /* CCDirector.h */ = {isa = PBXFileReference; lastKnownFileType = sourcecode.c.h; name = CCDirector.h; path = libs/cocos2d/CCDirector.h; sourceTree = "<group>"; };
		18367955171C2B8D0078FA3F /* CCDirector.m */ = {isa = PBXFileReference; lastKnownFileType = sourcecode.c.objc; name = CCDirector.m; path = libs/cocos2d/CCDirector.m; sourceTree = "<group>"; };
		18367957171C2B8D0078FA3F /* CCDrawingPrimitives.h */ = {isa = PBXFileReference; lastKnownFileType = sourcecode.c.h; name = CCDrawingPrimitives.h; path = libs/cocos2d/CCDrawingPrimitives.h; sourceTree = "<group>"; };
		18367958171C2B8D0078FA3F /* CCDrawingPrimitives.m */ = {isa = PBXFileReference; lastKnownFileType = sourcecode.c.objc; name = CCDrawingPrimitives.m; path = libs/cocos2d/CCDrawingPrimitives.m; sourceTree = "<group>"; };
		1836795A171C2B8D0078FA3F /* CCGrabber.h */ = {isa = PBXFileReference; lastKnownFileType = sourcecode.c.h; name = CCGrabber.h; path = libs/cocos2d/CCGrabber.h; sourceTree = "<group>"; };
		1836795B171C2B8D0078FA3F /* CCGrabber.m */ = {isa = PBXFileReference; lastKnownFileType = sourcecode.c.objc; name = CCGrabber.m; path = libs/cocos2d/CCGrabber.m; sourceTree = "<group>"; };
		1836795D171C2B8D0078FA3F /* CCGrid.h */ = {isa = PBXFileReference; lastKnownFileType = sourcecode.c.h; name = CCGrid.h; path = libs/cocos2d/CCGrid.h; sourceTree = "<group>"; };
		1836795E171C2B8D0078FA3F /* CCGrid.m */ = {isa = PBXFileReference; lastKnownFileType = sourcecode.c.objc; name = CCGrid.m; path = libs/cocos2d/CCGrid.m; sourceTree = "<group>"; };
		18367960171C2B8D0078FA3F /* CCLabelAtlas.h */ = {isa = PBXFileReference; lastKnownFileType = sourcecode.c.h; name = CCLabelAtlas.h; path = libs/cocos2d/CCLabelAtlas.h; sourceTree = "<group>"; };
		18367961171C2B8D0078FA3F /* CCLabelAtlas.m */ = {isa = PBXFileReference; lastKnownFileType = sourcecode.c.objc; name = CCLabelAtlas.m; path = libs/cocos2d/CCLabelAtlas.m; sourceTree = "<group>"; };
		18367963171C2B8D0078FA3F /* CCLabelBMFont.h */ = {isa = PBXFileReference; lastKnownFileType = sourcecode.c.h; name = CCLabelBMFont.h; path = libs/cocos2d/CCLabelBMFont.h; sourceTree = "<group>"; };
		18367964171C2B8D0078FA3F /* CCLabelBMFont.m */ = {isa = PBXFileReference; lastKnownFileType = sourcecode.c.objc; name = CCLabelBMFont.m; path = libs/cocos2d/CCLabelBMFont.m; sourceTree = "<group>"; };
		18367966171C2B8D0078FA3F /* CCLabelTTF.h */ = {isa = PBXFileReference; lastKnownFileType = sourcecode.c.h; name = CCLabelTTF.h; path = libs/cocos2d/CCLabelTTF.h; sourceTree = "<group>"; };
		18367967171C2B8D0078FA3F /* CCLabelTTF.m */ = {isa = PBXFileReference; lastKnownFileType = sourcecode.c.objc; name = CCLabelTTF.m; path = libs/cocos2d/CCLabelTTF.m; sourceTree = "<group>"; };
		18367969171C2B8D0078FA3F /* CCLayer.h */ = {isa = PBXFileReference; lastKnownFileType = sourcecode.c.h; name = CCLayer.h; path = libs/cocos2d/CCLayer.h; sourceTree = "<group>"; };
		1836796A171C2B8D0078FA3F /* CCLayer.m */ = {isa = PBXFileReference; lastKnownFileType = sourcecode.c.objc; name = CCLayer.m; path = libs/cocos2d/CCLayer.m; sourceTree = "<group>"; };
		1836796C171C2B8D0078FA3F /* ccMacros.h */ = {isa = PBXFileReference; lastKnownFileType = sourcecode.c.h; name = ccMacros.h; path = libs/cocos2d/ccMacros.h; sourceTree = "<group>"; };
		1836796D171C2B8D0078FA3F /* CCMenu.h */ = {isa = PBXFileReference; lastKnownFileType = sourcecode.c.h; name = CCMenu.h; path = libs/cocos2d/CCMenu.h; sourceTree = "<group>"; };
		1836796E171C2B8D0078FA3F /* CCMenu.m */ = {isa = PBXFileReference; lastKnownFileType = sourcecode.c.objc; name = CCMenu.m; path = libs/cocos2d/CCMenu.m; sourceTree = "<group>"; };
		18367970171C2B8D0078FA3F /* CCMenuItem.h */ = {isa = PBXFileReference; lastKnownFileType = sourcecode.c.h; name = CCMenuItem.h; path = libs/cocos2d/CCMenuItem.h; sourceTree = "<group>"; };
		18367971171C2B8D0078FA3F /* CCMenuItem.m */ = {isa = PBXFileReference; lastKnownFileType = sourcecode.c.objc; name = CCMenuItem.m; path = libs/cocos2d/CCMenuItem.m; sourceTree = "<group>"; };
		18367973171C2B8D0078FA3F /* CCMotionStreak.h */ = {isa = PBXFileReference; lastKnownFileType = sourcecode.c.h; name = CCMotionStreak.h; path = libs/cocos2d/CCMotionStreak.h; sourceTree = "<group>"; };
		18367974171C2B8D0078FA3F /* CCMotionStreak.m */ = {isa = PBXFileReference; lastKnownFileType = sourcecode.c.objc; name = CCMotionStreak.m; path = libs/cocos2d/CCMotionStreak.m; sourceTree = "<group>"; };
		18367976171C2B8D0078FA3F /* CCNode.h */ = {isa = PBXFileReference; lastKnownFileType = sourcecode.c.h; name = CCNode.h; path = libs/cocos2d/CCNode.h; sourceTree = "<group>"; };
		18367977171C2B8D0078FA3F /* CCNode.m */ = {isa = PBXFileReference; lastKnownFileType = sourcecode.c.objc; name = CCNode.m; path = libs/cocos2d/CCNode.m; sourceTree = "<group>"; };
		18367979171C2B8D0078FA3F /* CCParallaxNode.h */ = {isa = PBXFileReference; lastKnownFileType = sourcecode.c.h; name = CCParallaxNode.h; path = libs/cocos2d/CCParallaxNode.h; sourceTree = "<group>"; };
		1836797A171C2B8E0078FA3F /* CCParallaxNode.m */ = {isa = PBXFileReference; lastKnownFileType = sourcecode.c.objc; name = CCParallaxNode.m; path = libs/cocos2d/CCParallaxNode.m; sourceTree = "<group>"; };
		1836797C171C2B8E0078FA3F /* CCParticleExamples.h */ = {isa = PBXFileReference; lastKnownFileType = sourcecode.c.h; name = CCParticleExamples.h; path = libs/cocos2d/CCParticleExamples.h; sourceTree = "<group>"; };
		1836797D171C2B8E0078FA3F /* CCParticleExamples.m */ = {isa = PBXFileReference; lastKnownFileType = sourcecode.c.objc; name = CCParticleExamples.m; path = libs/cocos2d/CCParticleExamples.m; sourceTree = "<group>"; };
		1836797F171C2B8E0078FA3F /* CCParticleSystem.h */ = {isa = PBXFileReference; lastKnownFileType = sourcecode.c.h; name = CCParticleSystem.h; path = libs/cocos2d/CCParticleSystem.h; sourceTree = "<group>"; };
		18367980171C2B8E0078FA3F /* CCParticleSystem.m */ = {isa = PBXFileReference; lastKnownFileType = sourcecode.c.objc; name = CCParticleSystem.m; path = libs/cocos2d/CCParticleSystem.m; sourceTree = "<group>"; };
		18367982171C2B8E0078FA3F /* CCParticleSystemPoint.h */ = {isa = PBXFileReference; lastKnownFileType = sourcecode.c.h; name = CCParticleSystemPoint.h; path = libs/cocos2d/CCParticleSystemPoint.h; sourceTree = "<group>"; };
		18367983171C2B8E0078FA3F /* CCParticleSystemPoint.m */ = {isa = PBXFileReference; lastKnownFileType = sourcecode.c.objc; name = CCParticleSystemPoint.m; path = libs/cocos2d/CCParticleSystemPoint.m; sourceTree = "<group>"; };
		18367985171C2B8E0078FA3F /* CCParticleSystemQuad.h */ = {isa = PBXFileReference; lastKnownFileType = sourcecode.c.h; name = CCParticleSystemQuad.h; path = libs/cocos2d/CCParticleSystemQuad.h; sourceTree = "<group>"; };
		18367986171C2B8E0078FA3F /* CCParticleSystemQuad.m */ = {isa = PBXFileReference; lastKnownFileType = sourcecode.c.objc; name = CCParticleSystemQuad.m; path = libs/cocos2d/CCParticleSystemQuad.m; sourceTree = "<group>"; };
		18367988171C2B8E0078FA3F /* CCProgressTimer.h */ = {isa = PBXFileReference; lastKnownFileType = sourcecode.c.h; name = CCProgressTimer.h; path = libs/cocos2d/CCProgressTimer.h; sourceTree = "<group>"; };
		18367989171C2B8E0078FA3F /* CCProgressTimer.m */ = {isa = PBXFileReference; lastKnownFileType = sourcecode.c.objc; name = CCProgressTimer.m; path = libs/cocos2d/CCProgressTimer.m; sourceTree = "<group>"; };
		1836798B171C2B8E0078FA3F /* CCProtocols.h */ = {isa = PBXFileReference; lastKnownFileType = sourcecode.c.h; name = CCProtocols.h; path = libs/cocos2d/CCProtocols.h; sourceTree = "<group>"; };
		1836798C171C2B8E0078FA3F /* CCRenderTexture.h */ = {isa = PBXFileReference; lastKnownFileType = sourcecode.c.h; name = CCRenderTexture.h; path = libs/cocos2d/CCRenderTexture.h; sourceTree = "<group>"; };
		1836798D171C2B8E0078FA3F /* CCRenderTexture.m */ = {isa = PBXFileReference; lastKnownFileType = sourcecode.c.objc; name = CCRenderTexture.m; path = libs/cocos2d/CCRenderTexture.m; sourceTree = "<group>"; };
		1836798F171C2B8E0078FA3F /* CCRibbon.h */ = {isa = PBXFileReference; lastKnownFileType = sourcecode.c.h; name = CCRibbon.h; path = libs/cocos2d/CCRibbon.h; sourceTree = "<group>"; };
		18367990171C2B8E0078FA3F /* CCRibbon.m */ = {isa = PBXFileReference; lastKnownFileType = sourcecode.c.objc; name = CCRibbon.m; path = libs/cocos2d/CCRibbon.m; sourceTree = "<group>"; };
		18367992171C2B8E0078FA3F /* CCScene.h */ = {isa = PBXFileReference; lastKnownFileType = sourcecode.c.h; name = CCScene.h; path = libs/cocos2d/CCScene.h; sourceTree = "<group>"; };
		18367993171C2B8E0078FA3F /* CCScene.m */ = {isa = PBXFileReference; lastKnownFileType = sourcecode.c.objc; name = CCScene.m; path = libs/cocos2d/CCScene.m; sourceTree = "<group>"; };
		18367995171C2B8E0078FA3F /* CCScheduler.h */ = {isa = PBXFileReference; lastKnownFileType = sourcecode.c.h; name = CCScheduler.h; path = libs/cocos2d/CCScheduler.h; sourceTree = "<group>"; };
		18367996171C2B8E0078FA3F /* CCScheduler.m */ = {isa = PBXFileReference; lastKnownFileType = sourcecode.c.objc; name = CCScheduler.m; path = libs/cocos2d/CCScheduler.m; sourceTree = "<group>"; };
		18367998171C2B8E0078FA3F /* CCSprite.h */ = {isa = PBXFileReference; lastKnownFileType = sourcecode.c.h; name = CCSprite.h; path = libs/cocos2d/CCSprite.h; sourceTree = "<group>"; };
		18367999171C2B8E0078FA3F /* CCSprite.m */ = {isa = PBXFileReference; lastKnownFileType = sourcecode.c.objc; name = CCSprite.m; path = libs/cocos2d/CCSprite.m; sourceTree = "<group>"; };
		1836799B171C2B8E0078FA3F /* CCSpriteBatchNode.h */ = {isa = PBXFileReference; lastKnownFileType = sourcecode.c.h; name = CCSpriteBatchNode.h; path = libs/cocos2d/CCSpriteBatchNode.h; sourceTree = "<group>"; };
		1836799C171C2B8E0078FA3F /* CCSpriteBatchNode.m */ = {isa = PBXFileReference; lastKnownFileType = sourcecode.c.objc; name = CCSpriteBatchNode.m; path = libs/cocos2d/CCSpriteBatchNode.m; sourceTree = "<group>"; };
		1836799E171C2B8E0078FA3F /* CCSpriteFrame.h */ = {isa = PBXFileReference; lastKnownFileType = sourcecode.c.h; name = CCSpriteFrame.h; path = libs/cocos2d/CCSpriteFrame.h; sourceTree = "<group>"; };
		1836799F171C2B8E0078FA3F /* CCSpriteFrame.m */ = {isa = PBXFileReference; lastKnownFileType = sourcecode.c.objc; name = CCSpriteFrame.m; path = libs/cocos2d/CCSpriteFrame.m; sourceTree = "<group>"; };
		183679A1171C2B8E0078FA3F /* CCSpriteFrameCache.h */ = {isa = PBXFileReference; lastKnownFileType = sourcecode.c.h; name = CCSpriteFrameCache.h; path = libs/cocos2d/CCSpriteFrameCache.h; sourceTree = "<group>"; };
		183679A2171C2B8E0078FA3F /* CCSpriteFrameCache.m */ = {isa = PBXFileReference; lastKnownFileType = sourcecode.c.objc; name = CCSpriteFrameCache.m; path = libs/cocos2d/CCSpriteFrameCache.m; sourceTree = "<group>"; };
		183679A4171C2B8E0078FA3F /* CCTexture2D.h */ = {isa = PBXFileReference; lastKnownFileType = sourcecode.c.h; name = CCTexture2D.h; path = libs/cocos2d/CCTexture2D.h; sourceTree = "<group>"; };
		183679A5171C2B8E0078FA3F /* CCTexture2D.m */ = {isa = PBXFileReference; lastKnownFileType = sourcecode.c.objc; name = CCTexture2D.m; path = libs/cocos2d/CCTexture2D.m; sourceTree = "<group>"; };
		183679A7171C2B8E0078FA3F /* CCTextureAtlas.h */ = {isa = PBXFileReference; lastKnownFileType = sourcecode.c.h; name = CCTextureAtlas.h; path = libs/cocos2d/CCTextureAtlas.h; sourceTree = "<group>"; };
		183679A8171C2B8E0078FA3F /* CCTextureAtlas.m */ = {isa = PBXFileReference; lastKnownFileType = sourcecode.c.objc; name = CCTextureAtlas.m; path = libs/cocos2d/CCTextureAtlas.m; sourceTree = "<group>"; };
		183679AA171C2B8E0078FA3F /* CCTextureCache.h */ = {isa = PBXFileReference; lastKnownFileType = sourcecode.c.h; name = CCTextureCache.h; path = libs/cocos2d/CCTextureCache.h; sourceTree = "<group>"; };
		183679AB171C2B8E0078FA3F /* CCTextureCache.m */ = {isa = PBXFileReference; lastKnownFileType = sourcecode.c.objc; name = CCTextureCache.m; path = libs/cocos2d/CCTextureCache.m; sourceTree = "<group>"; };
		183679AD171C2B8E0078FA3F /* CCTexturePVR.h */ = {isa = PBXFileReference; lastKnownFileType = sourcecode.c.h; name = CCTexturePVR.h; path = libs/cocos2d/CCTexturePVR.h; sourceTree = "<group>"; };
		183679AE171C2B8E0078FA3F /* CCTexturePVR.m */ = {isa = PBXFileReference; lastKnownFileType = sourcecode.c.objc; name = CCTexturePVR.m; path = libs/cocos2d/CCTexturePVR.m; sourceTree = "<group>"; };
		183679B0171C2B8E0078FA3F /* CCTileMapAtlas.h */ = {isa = PBXFileReference; lastKnownFileType = sourcecode.c.h; name = CCTileMapAtlas.h; path = libs/cocos2d/CCTileMapAtlas.h; sourceTree = "<group>"; };
		183679B1171C2B8E0078FA3F /* CCTileMapAtlas.m */ = {isa = PBXFileReference; lastKnownFileType = sourcecode.c.objc; name = CCTileMapAtlas.m; path = libs/cocos2d/CCTileMapAtlas.m; sourceTree = "<group>"; };
		183679B3171C2B8E0078FA3F /* CCTMXLayer.h */ = {isa = PBXFileReference; lastKnownFileType = sourcecode.c.h; name = CCTMXLayer.h; path = libs/cocos2d/CCTMXLayer.h; sourceTree = "<group>"; };
		183679B4171C2B8F0078FA3F /* CCTMXLayer.m */ = {isa = PBXFileReference; lastKnownFileType = sourcecode.c.objc; name = CCTMXLayer.m; path = libs/cocos2d/CCTMXLayer.m; sourceTree = "<group>"; };
		183679B6171C2B8F0078FA3F /* CCTMXObjectGroup.h */ = {isa = PBXFileReference; lastKnownFileType = sourcecode.c.h; name = CCTMXObjectGroup.h; path = libs/cocos2d/CCTMXObjectGroup.h; sourceTree = "<group>"; };
		183679B7171C2B8F0078FA3F /* CCTMXObjectGroup.m */ = {isa = PBXFileReference; lastKnownFileType = sourcecode.c.objc; name = CCTMXObjectGroup.m; path = libs/cocos2d/CCTMXObjectGroup.m; sourceTree = "<group>"; };
		183679B9171C2B8F0078FA3F /* CCTMXTiledMap.h */ = {isa = PBXFileReference; lastKnownFileType = sourcecode.c.h; name = CCTMXTiledMap.h; path = libs/cocos2d/CCTMXTiledMap.h; sourceTree = "<group>"; };
		183679BA171C2B8F0078FA3F /* CCTMXTiledMap.m */ = {isa = PBXFileReference; lastKnownFileType = sourcecode.c.objc; name = CCTMXTiledMap.m; path = libs/cocos2d/CCTMXTiledMap.m; sourceTree = "<group>"; };
		183679BC171C2B8F0078FA3F /* CCTMXXMLParser.h */ = {isa = PBXFileReference; lastKnownFileType = sourcecode.c.h; name = CCTMXXMLParser.h; path = libs/cocos2d/CCTMXXMLParser.h; sourceTree = "<group>"; };
		183679BD171C2B8F0078FA3F /* CCTMXXMLParser.m */ = {isa = PBXFileReference; lastKnownFileType = sourcecode.c.objc; name = CCTMXXMLParser.m; path = libs/cocos2d/CCTMXXMLParser.m; sourceTree = "<group>"; };
		183679BF171C2B8F0078FA3F /* CCTransition.h */ = {isa = PBXFileReference; lastKnownFileType = sourcecode.c.h; name = CCTransition.h; path = libs/cocos2d/CCTransition.h; sourceTree = "<group>"; };
		183679C0171C2B8F0078FA3F /* CCTransition.m */ = {isa = PBXFileReference; lastKnownFileType = sourcecode.c.objc; name = CCTransition.m; path = libs/cocos2d/CCTransition.m; sourceTree = "<group>"; };
		183679C2171C2B8F0078FA3F /* CCTransitionPageTurn.h */ = {isa = PBXFileReference; lastKnownFileType = sourcecode.c.h; name = CCTransitionPageTurn.h; path = libs/cocos2d/CCTransitionPageTurn.h; sourceTree = "<group>"; };
		183679C3171C2B8F0078FA3F /* CCTransitionPageTurn.m */ = {isa = PBXFileReference; lastKnownFileType = sourcecode.c.objc; name = CCTransitionPageTurn.m; path = libs/cocos2d/CCTransitionPageTurn.m; sourceTree = "<group>"; };
		183679C5171C2B8F0078FA3F /* CCTransitionRadial.h */ = {isa = PBXFileReference; lastKnownFileType = sourcecode.c.h; name = CCTransitionRadial.h; path = libs/cocos2d/CCTransitionRadial.h; sourceTree = "<group>"; };
		183679C6171C2B8F0078FA3F /* CCTransitionRadial.m */ = {isa = PBXFileReference; lastKnownFileType = sourcecode.c.objc; name = CCTransitionRadial.m; path = libs/cocos2d/CCTransitionRadial.m; sourceTree = "<group>"; };
		183679C8171C2B8F0078FA3F /* ccTypes.h */ = {isa = PBXFileReference; lastKnownFileType = sourcecode.c.h; name = ccTypes.h; path = libs/cocos2d/ccTypes.h; sourceTree = "<group>"; };
		183679C9171C2B8F0078FA3F /* cocos2d.h */ = {isa = PBXFileReference; lastKnownFileType = sourcecode.c.h; name = cocos2d.h; path = libs/cocos2d/cocos2d.h; sourceTree = "<group>"; };
		183679CA171C2B8F0078FA3F /* cocos2d.m */ = {isa = PBXFileReference; lastKnownFileType = sourcecode.c.objc; name = cocos2d.m; path = libs/cocos2d/cocos2d.m; sourceTree = "<group>"; };
		183679CD171C2B8F0078FA3F /* CCGL.h */ = {isa = PBXFileReference; lastKnownFileType = sourcecode.c.h; name = CCGL.h; path = libs/cocos2d/Platforms/CCGL.h; sourceTree = "<group>"; };
		183679CE171C2B8F0078FA3F /* CCNS.h */ = {isa = PBXFileReference; lastKnownFileType = sourcecode.c.h; name = CCNS.h; path = libs/cocos2d/Platforms/CCNS.h; sourceTree = "<group>"; };
		183679D0171C2B8F0078FA3F /* CCDirectorIOS.h */ = {isa = PBXFileReference; lastKnownFileType = sourcecode.c.h; name = CCDirectorIOS.h; path = libs/cocos2d/Platforms/iOS/CCDirectorIOS.h; sourceTree = "<group>"; };
		183679D1171C2B8F0078FA3F /* CCDirectorIOS.m */ = {isa = PBXFileReference; lastKnownFileType = sourcecode.c.objc; name = CCDirectorIOS.m; path = libs/cocos2d/Platforms/iOS/CCDirectorIOS.m; sourceTree = "<group>"; };
		183679D3171C2B8F0078FA3F /* CCTouchDelegateProtocol.h */ = {isa = PBXFileReference; lastKnownFileType = sourcecode.c.h; name = CCTouchDelegateProtocol.h; path = libs/cocos2d/Platforms/iOS/CCTouchDelegateProtocol.h; sourceTree = "<group>"; };
		183679D4171C2B8F0078FA3F /* CCTouchDispatcher.h */ = {isa = PBXFileReference; lastKnownFileType = sourcecode.c.h; name = CCTouchDispatcher.h; path = libs/cocos2d/Platforms/iOS/CCTouchDispatcher.h; sourceTree = "<group>"; };
		183679D5171C2B8F0078FA3F /* CCTouchDispatcher.m */ = {isa = PBXFileReference; lastKnownFileType = sourcecode.c.objc; name = CCTouchDispatcher.m; path = libs/cocos2d/Platforms/iOS/CCTouchDispatcher.m; sourceTree = "<group>"; };
		183679D7171C2B8F0078FA3F /* CCTouchHandler.h */ = {isa = PBXFileReference; lastKnownFileType = sourcecode.c.h; name = CCTouchHandler.h; path = libs/cocos2d/Platforms/iOS/CCTouchHandler.h; sourceTree = "<group>"; };
		183679D8171C2B8F0078FA3F /* CCTouchHandler.m */ = {isa = PBXFileReference; lastKnownFileType = sourcecode.c.objc; name = CCTouchHandler.m; path = libs/cocos2d/Platforms/iOS/CCTouchHandler.m; sourceTree = "<group>"; };
		183679DA171C2B8F0078FA3F /* EAGLView.h */ = {isa = PBXFileReference; lastKnownFileType = sourcecode.c.h; name = EAGLView.h; path = libs/cocos2d/Platforms/iOS/EAGLView.h; sourceTree = "<group>"; };
		183679DB171C2B8F0078FA3F /* EAGLView.m */ = {isa = PBXFileReference; lastKnownFileType = sourcecode.c.objc; name = EAGLView.m; path = libs/cocos2d/Platforms/iOS/EAGLView.m; sourceTree = "<group>"; };
		183679DD171C2B8F0078FA3F /* ES1Renderer.h */ = {isa = PBXFileReference; lastKnownFileType = sourcecode.c.h; name = ES1Renderer.h; path = libs/cocos2d/Platforms/iOS/ES1Renderer.h; sourceTree = "<group>"; };
		183679DE171C2B8F0078FA3F /* ES1Renderer.m */ = {isa = PBXFileReference; lastKnownFileType = sourcecode.c.objc; name = ES1Renderer.m; path = libs/cocos2d/Platforms/iOS/ES1Renderer.m; sourceTree = "<group>"; };
		183679E0171C2B8F0078FA3F /* ESRenderer.h */ = {isa = PBXFileReference; lastKnownFileType = sourcecode.c.h; name = ESRenderer.h; path = libs/cocos2d/Platforms/iOS/ESRenderer.h; sourceTree = "<group>"; };
		183679E1171C2B8F0078FA3F /* glu.c */ = {isa = PBXFileReference; lastKnownFileType = sourcecode.c.c; name = glu.c; path = libs/cocos2d/Platforms/iOS/glu.c; sourceTree = "<group>"; };
		183679E3171C2B8F0078FA3F /* glu.h */ = {isa = PBXFileReference; lastKnownFileType = sourcecode.c.h; name = glu.h; path = libs/cocos2d/Platforms/iOS/glu.h; sourceTree = "<group>"; };
		183679E5171C2B8F0078FA3F /* CCDirectorMac.h */ = {isa = PBXFileReference; lastKnownFileType = sourcecode.c.h; name = CCDirectorMac.h; path = libs/cocos2d/Platforms/Mac/CCDirectorMac.h; sourceTree = "<group>"; };
		183679E6171C2B8F0078FA3F /* CCDirectorMac.m */ = {isa = PBXFileReference; lastKnownFileType = sourcecode.c.objc; name = CCDirectorMac.m; path = libs/cocos2d/Platforms/Mac/CCDirectorMac.m; sourceTree = "<group>"; };
		183679E8171C2B8F0078FA3F /* CCEventDispatcher.h */ = {isa = PBXFileReference; lastKnownFileType = sourcecode.c.h; name = CCEventDispatcher.h; path = libs/cocos2d/Platforms/Mac/CCEventDispatcher.h; sourceTree = "<group>"; };
		183679E9171C2B8F0078FA3F /* CCEventDispatcher.m */ = {isa = PBXFileReference; lastKnownFileType = sourcecode.c.objc; name = CCEventDispatcher.m; path = libs/cocos2d/Platforms/Mac/CCEventDispatcher.m; sourceTree = "<group>"; };
		183679EB171C2B8F0078FA3F /* MacGLView.h */ = {isa = PBXFileReference; lastKnownFileType = sourcecode.c.h; name = MacGLView.h; path = libs/cocos2d/Platforms/Mac/MacGLView.h; sourceTree = "<group>"; };
		183679EC171C2B8F0078FA3F /* MacGLView.m */ = {isa = PBXFileReference; lastKnownFileType = sourcecode.c.objc; name = MacGLView.m; path = libs/cocos2d/Platforms/Mac/MacGLView.m; sourceTree = "<group>"; };
		183679EE171C2B8F0078FA3F /* MacWindow.h */ = {isa = PBXFileReference; lastKnownFileType = sourcecode.c.h; name = MacWindow.h; path = libs/cocos2d/Platforms/Mac/MacWindow.h; sourceTree = "<group>"; };
		183679EF171C2B8F0078FA3F /* MacWindow.m */ = {isa = PBXFileReference; lastKnownFileType = sourcecode.c.objc; name = MacWindow.m; path = libs/cocos2d/Platforms/Mac/MacWindow.m; sourceTree = "<group>"; };
		183679F2171C2B8F0078FA3F /* base64.c */ = {isa = PBXFileReference; lastKnownFileType = sourcecode.c.c; name = base64.c; path = libs/cocos2d/Support/base64.c; sourceTree = "<group>"; };
		183679F4171C2B8F0078FA3F /* base64.h */ = {isa = PBXFileReference; lastKnownFileType = sourcecode.c.h; name = base64.h; path = libs/cocos2d/Support/base64.h; sourceTree = "<group>"; };
		183679F5171C2B8F0078FA3F /* CCArray.h */ = {isa = PBXFileReference; lastKnownFileType = sourcecode.c.h; name = CCArray.h; path = libs/cocos2d/Support/CCArray.h; sourceTree = "<group>"; };
		183679F6171C2B8F0078FA3F /* CCArray.m */ = {isa = PBXFileReference; lastKnownFileType = sourcecode.c.objc; name = CCArray.m; path = libs/cocos2d/Support/CCArray.m; sourceTree = "<group>"; };
		183679F8171C2B8F0078FA3F /* ccCArray.h */ = {isa = PBXFileReference; lastKnownFileType = sourcecode.c.h; name = ccCArray.h; path = libs/cocos2d/Support/ccCArray.h; sourceTree = "<group>"; };
		183679F9171C2B8F0078FA3F /* CCFileUtils.h */ = {isa = PBXFileReference; lastKnownFileType = sourcecode.c.h; name = CCFileUtils.h; path = libs/cocos2d/Support/CCFileUtils.h; sourceTree = "<group>"; };
		183679FA171C2B900078FA3F /* CCFileUtils.m */ = {isa = PBXFileReference; lastKnownFileType = sourcecode.c.objc; name = CCFileUtils.m; path = libs/cocos2d/Support/CCFileUtils.m; sourceTree = "<group>"; };
		183679FC171C2B900078FA3F /* CCProfiling.h */ = {isa = PBXFileReference; lastKnownFileType = sourcecode.c.h; name = CCProfiling.h; path = libs/cocos2d/Support/CCProfiling.h; sourceTree = "<group>"; };
		183679FD171C2B900078FA3F /* CCProfiling.m */ = {isa = PBXFileReference; lastKnownFileType = sourcecode.c.objc; name = CCProfiling.m; path = libs/cocos2d/Support/CCProfiling.m; sourceTree = "<group>"; };
		183679FF171C2B900078FA3F /* ccUtils.c */ = {isa = PBXFileReference; lastKnownFileType = sourcecode.c.c; name = ccUtils.c; path = libs/cocos2d/Support/ccUtils.c; sourceTree = "<group>"; };
		18367A01171C2B900078FA3F /* ccUtils.h */ = {isa = PBXFileReference; lastKnownFileType = sourcecode.c.h; name = ccUtils.h; path = libs/cocos2d/Support/ccUtils.h; sourceTree = "<group>"; };
		18367A02171C2B900078FA3F /* CGPointExtension.h */ = {isa = PBXFileReference; lastKnownFileType = sourcecode.c.h; name = CGPointExtension.h; path = libs/cocos2d/Support/CGPointExtension.h; sourceTree = "<group>"; };
		18367A03171C2B900078FA3F /* CGPointExtension.m */ = {isa = PBXFileReference; lastKnownFileType = sourcecode.c.objc; name = CGPointExtension.m; path = libs/cocos2d/Support/CGPointExtension.m; sourceTree = "<group>"; };
		18367A05171C2B900078FA3F /* OpenGL_Internal.h */ = {isa = PBXFileReference; lastKnownFileType = sourcecode.c.h; name = OpenGL_Internal.h; path = libs/cocos2d/Support/OpenGL_Internal.h; sourceTree = "<group>"; };
		18367A06171C2B900078FA3F /* TGAlib.h */ = {isa = PBXFileReference; lastKnownFileType = sourcecode.c.h; name = TGAlib.h; path = libs/cocos2d/Support/TGAlib.h; sourceTree = "<group>"; };
		18367A07171C2B900078FA3F /* TGAlib.m */ = {isa = PBXFileReference; lastKnownFileType = sourcecode.c.objc; name = TGAlib.m; path = libs/cocos2d/Support/TGAlib.m; sourceTree = "<group>"; };
		18367A09171C2B900078FA3F /* TransformUtils.h */ = {isa = PBXFileReference; lastKnownFileType = sourcecode.c.h; name = TransformUtils.h; path = libs/cocos2d/Support/TransformUtils.h; sourceTree = "<group>"; };
		18367A0A171C2B900078FA3F /* TransformUtils.m */ = {isa = PBXFileReference; lastKnownFileType = sourcecode.c.objc; name = TransformUtils.m; path = libs/cocos2d/Support/TransformUtils.m; sourceTree = "<group>"; };
		18367A0C171C2B900078FA3F /* uthash.h */ = {isa = PBXFileReference; lastKnownFileType = sourcecode.c.h; name = uthash.h; path = libs/cocos2d/Support/uthash.h; sourceTree = "<group>"; };
		18367A0D171C2B900078FA3F /* utlist.h */ = {isa = PBXFileReference; lastKnownFileType = sourcecode.c.h; name = utlist.h; path = libs/cocos2d/Support/utlist.h; sourceTree = "<group>"; };
		18367A0E171C2B900078FA3F /* ZipUtils.h */ = {isa = PBXFileReference; lastKnownFileType = sourcecode.c.h; name = ZipUtils.h; path = libs/cocos2d/Support/ZipUtils.h; sourceTree = "<group>"; };
		18367A0F171C2B900078FA3F /* ZipUtils.m */ = {isa = PBXFileReference; lastKnownFileType = sourcecode.c.objc; name = ZipUtils.m; path = libs/cocos2d/Support/ZipUtils.m; sourceTree = "<group>"; };
		18367A11171C2B900078FA3F /* LICENSE_cocos2d.txt */ = {isa = PBXFileReference; lastKnownFileType = text; name = LICENSE_cocos2d.txt; path = libs/LICENSE_cocos2d.txt; sourceTree = "<group>"; };
		18367A13171C2B900078FA3F /* CDAudioManager.h */ = {isa = PBXFileReference; lastKnownFileType = sourcecode.c.h; name = CDAudioManager.h; path = libs/CocosDenshion/CDAudioManager.h; sourceTree = "<group>"; };
		18367A14171C2B900078FA3F /* CDAudioManager.m */ = {isa = PBXFileReference; lastKnownFileType = sourcecode.c.objc; name = CDAudioManager.m; path = libs/CocosDenshion/CDAudioManager.m; sourceTree = "<group>"; };
		18367A16171C2B900078FA3F /* CDConfig.h */ = {isa = PBXFileReference; lastKnownFileType = sourcecode.c.h; name = CDConfig.h; path = libs/CocosDenshion/CDConfig.h; sourceTree = "<group>"; };
		18367A17171C2B900078FA3F /* CDOpenALSupport.h */ = {isa = PBXFileReference; lastKnownFileType = sourcecode.c.h; name = CDOpenALSupport.h; path = libs/CocosDenshion/CDOpenALSupport.h; sourceTree = "<group>"; };
		18367A18171C2B900078FA3F /* CDOpenALSupport.m */ = {isa = PBXFileReference; lastKnownFileType = sourcecode.c.objc; name = CDOpenALSupport.m; path = libs/CocosDenshion/CDOpenALSupport.m; sourceTree = "<group>"; };
		18367A1A171C2B900078FA3F /* CocosDenshion.h */ = {isa = PBXFileReference; lastKnownFileType = sourcecode.c.h; name = CocosDenshion.h; path = libs/CocosDenshion/CocosDenshion.h; sourceTree = "<group>"; };
		18367A1B171C2B900078FA3F /* CocosDenshion.m */ = {isa = PBXFileReference; lastKnownFileType = sourcecode.c.objc; name = CocosDenshion.m; path = libs/CocosDenshion/CocosDenshion.m; sourceTree = "<group>"; };
		18367A1D171C2B900078FA3F /* SimpleAudioEngine.h */ = {isa = PBXFileReference; lastKnownFileType = sourcecode.c.h; name = SimpleAudioEngine.h; path = libs/CocosDenshion/SimpleAudioEngine.h; sourceTree = "<group>"; };
		18367A1E171C2B900078FA3F /* SimpleAudioEngine.m */ = {isa = PBXFileReference; lastKnownFileType = sourcecode.c.objc; name = SimpleAudioEngine.m; path = libs/CocosDenshion/SimpleAudioEngine.m; sourceTree = "<group>"; };
		18367A20171C2B900078FA3F /* LICENSE_CocosDenshion.txt */ = {isa = PBXFileReference; lastKnownFileType = text; name = LICENSE_CocosDenshion.txt; path = libs/LICENSE_CocosDenshion.txt; sourceTree = "<group>"; };
		18367A22171C2B900078FA3F /* CLScoreServerPost.h */ = {isa = PBXFileReference; lastKnownFileType = sourcecode.c.h; name = CLScoreServerPost.h; path = libs/cocoslive/CLScoreServerPost.h; sourceTree = "<group>"; };
		18367A23171C2B900078FA3F /* CLScoreServerPost.m */ = {isa = PBXFileReference; lastKnownFileType = sourcecode.c.objc; name = CLScoreServerPost.m; path = libs/cocoslive/CLScoreServerPost.m; sourceTree = "<group>"; };
		18367A25171C2B900078FA3F /* CLScoreServerRequest.h */ = {isa = PBXFileReference; lastKnownFileType = sourcecode.c.h; name = CLScoreServerRequest.h; path = libs/cocoslive/CLScoreServerRequest.h; sourceTree = "<group>"; };
		18367A26171C2B900078FA3F /* CLScoreServerRequest.m */ = {isa = PBXFileReference; lastKnownFileType = sourcecode.c.objc; name = CLScoreServerRequest.m; path = libs/cocoslive/CLScoreServerRequest.m; sourceTree = "<group>"; };
		18367A28171C2B900078FA3F /* cocoslive.h */ = {isa = PBXFileReference; lastKnownFileType = sourcecode.c.h; name = cocoslive.h; path = libs/cocoslive/cocoslive.h; sourceTree = "<group>"; };
		18367A29171C2B900078FA3F /* cocoslive.m */ = {isa = PBXFileReference; lastKnownFileType = sourcecode.c.objc; name = cocoslive.m; path = libs/cocoslive/cocoslive.m; sourceTree = "<group>"; };
		18367A2B171C2B900078FA3F /* LICENSE_TouchJSON.txt */ = {isa = PBXFileReference; lastKnownFileType = text; name = LICENSE_TouchJSON.txt; path = libs/LICENSE_TouchJSON.txt; sourceTree = "<group>"; };
		18367A2D171C2B900078FA3F /* CDataScanner.h */ = {isa = PBXFileReference; lastKnownFileType = sourcecode.c.h; name = CDataScanner.h; path = libs/TouchJSON/CDataScanner.h; sourceTree = "<group>"; };
		18367A2E171C2B910078FA3F /* CDataScanner.m */ = {isa = PBXFileReference; lastKnownFileType = sourcecode.c.objc; name = CDataScanner.m; path = libs/TouchJSON/CDataScanner.m; sourceTree = "<group>"; };
		18367A31171C2B910078FA3F /* CDataScanner_Extensions.h */ = {isa = PBXFileReference; lastKnownFileType = sourcecode.c.h; name = CDataScanner_Extensions.h; path = libs/TouchJSON/Extensions/CDataScanner_Extensions.h; sourceTree = "<group>"; };
		18367A32171C2B910078FA3F /* CDataScanner_Extensions.m */ = {isa = PBXFileReference; lastKnownFileType = sourcecode.c.objc; name = CDataScanner_Extensions.m; path = libs/TouchJSON/Extensions/CDataScanner_Extensions.m; sourceTree = "<group>"; };
		18367A34171C2B910078FA3F /* NSDictionary_JSONExtensions.h */ = {isa = PBXFileReference; lastKnownFileType = sourcecode.c.h; name = NSDictionary_JSONExtensions.h; path = libs/TouchJSON/Extensions/NSDictionary_JSONExtensions.h; sourceTree = "<group>"; };
		18367A35171C2B910078FA3F /* NSDictionary_JSONExtensions.m */ = {isa = PBXFileReference; lastKnownFileType = sourcecode.c.objc; name = NSDictionary_JSONExtensions.m; path = libs/TouchJSON/Extensions/NSDictionary_JSONExtensions.m; sourceTree = "<group>"; };
		18367A38171C2B910078FA3F /* CJSONDeserializer.h */ = {isa = PBXFileReference; lastKnownFileType = sourcecode.c.h; name = CJSONDeserializer.h; path = libs/TouchJSON/JSON/CJSONDeserializer.h; sourceTree = "<group>"; };
		18367A39171C2B910078FA3F /* CJSONDeserializer.m */ = {isa = PBXFileReference; lastKnownFileType = sourcecode.c.objc; name = CJSONDeserializer.m; path = libs/TouchJSON/JSON/CJSONDeserializer.m; sourceTree = "<group>"; };
		18367A3B171C2B910078FA3F /* CJSONScanner.h */ = {isa = PBXFileReference; lastKnownFileType = sourcecode.c.h; name = CJSONScanner.h; path = libs/TouchJSON/JSON/CJSONScanner.h; sourceTree = "<group>"; };
		18367A3C171C2B910078FA3F /* CJSONScanner.m */ = {isa = PBXFileReference; lastKnownFileType = sourcecode.c.objc; name = CJSONScanner.m; path = libs/TouchJSON/JSON/CJSONScanner.m; sourceTree = "<group>"; };
		18367A3E171C2B910078FA3F /* CJSONSerializer.h */ = {isa = PBXFileReference; lastKnownFileType = sourcecode.c.h; name = CJSONSerializer.h; path = libs/TouchJSON/JSON/CJSONSerializer.h; sourceTree = "<group>"; };
		18367A3F171C2B910078FA3F /* CJSONSerializer.m */ = {isa = PBXFileReference; lastKnownFileType = sourcecode.c.objc; name = CJSONSerializer.m; path = libs/TouchJSON/JSON/CJSONSerializer.m; sourceTree = "<group>"; };
		18367A41171C2B910078FA3F /* JSONRepresentation.h */ = {isa = PBXFileReference; lastKnownFileType = sourcecode.c.h; name = JSONRepresentation.h; path = libs/TouchJSON/JSON/JSONRepresentation.h; sourceTree = "<group>"; };
		18367A43171C2B910078FA3F /* FontLabel.h */ = {isa = PBXFileReference; lastKnownFileType = sourcecode.c.h; name = FontLabel.h; path = libs/FontLabel/FontLabel.h; sourceTree = "<group>"; };
		18367A44171C2B910078FA3F /* FontLabel.m */ = {isa = PBXFileReference; lastKnownFileType = sourcecode.c.objc; name = FontLabel.m; path = libs/FontLabel/FontLabel.m; sourceTree = "<group>"; };
		18367A46171C2B910078FA3F /* FontLabelStringDrawing.h */ = {isa = PBXFileReference; lastKnownFileType = sourcecode.c.h; name = FontLabelStringDrawing.h; path = libs/FontLabel/FontLabelStringDrawing.h; sourceTree = "<group>"; };
		18367A47171C2B910078FA3F /* FontLabelStringDrawing.m */ = {isa = PBXFileReference; lastKnownFileType = sourcecode.c.objc; name = FontLabelStringDrawing.m; path = libs/FontLabel/FontLabelStringDrawing.m; sourceTree = "<group>"; };
		18367A49171C2B910078FA3F /* FontManager.h */ = {isa = PBXFileReference; lastKnownFileType = sourcecode.c.h; name = FontManager.h; path = libs/FontLabel/FontManager.h; sourceTree = "<group>"; };
		18367A4A171C2B910078FA3F /* FontManager.m */ = {isa = PBXFileReference; lastKnownFileType = sourcecode.c.objc; name = FontManager.m; path = libs/FontLabel/FontManager.m; sourceTree = "<group>"; };
		18367A4C171C2B910078FA3F /* ZAttributedString.h */ = {isa = PBXFileReference; lastKnownFileType = sourcecode.c.h; name = ZAttributedString.h; path = libs/FontLabel/ZAttributedString.h; sourceTree = "<group>"; };
		18367A4D171C2B910078FA3F /* ZAttributedString.m */ = {isa = PBXFileReference; lastKnownFileType = sourcecode.c.objc; name = ZAttributedString.m; path = libs/FontLabel/ZAttributedString.m; sourceTree = "<group>"; };
		18367A4F171C2B910078FA3F /* ZAttributedStringPrivate.h */ = {isa = PBXFileReference; lastKnownFileType = sourcecode.c.h; name = ZAttributedStringPrivate.h; path = libs/FontLabel/ZAttributedStringPrivate.h; sourceTree = "<group>"; };
		18367A50171C2B910078FA3F /* ZFont.h */ = {isa = PBXFileReference; lastKnownFileType = sourcecode.c.h; name = ZFont.h; path = libs/FontLabel/ZFont.h; sourceTree = "<group>"; };
		18367A51171C2B910078FA3F /* ZFont.m */ = {isa = PBXFileReference; lastKnownFileType = sourcecode.c.objc; name = ZFont.m; path = libs/FontLabel/ZFont.m; sourceTree = "<group>"; };
		18367A53171C2B910078FA3F /* LICENSE_FontLabel.txt */ = {isa = PBXFileReference; lastKnownFileType = text; name = LICENSE_FontLabel.txt; path = libs/LICENSE_FontLabel.txt; sourceTree = "<group>"; };
		18367A55171C2B910078FA3F /* Prefix.pch */ = {isa = PBXFileReference; lastKnownFileType = sourcecode.c.h; path = Prefix.pch; sourceTree = "<group>"; };
		18367A56171C2B910078FA3F /* main.m */ = {isa = PBXFileReference; lastKnownFileType = sourcecode.c.objc; path = main.m; sourceTree = "<group>"; };
		18367A58171C2B910078FA3F /* AppDelegate.h */ = {isa = PBXFileReference; lastKnownFileType = sourcecode.c.h; path = AppDelegate.h; sourceTree = "<group>"; };
		18367A59171C2B910078FA3F /* AppDelegate.m */ = {isa = PBXFileReference; lastKnownFileType = sourcecode.c.objc; path = AppDelegate.m; sourceTree = "<group>"; };
		18367A5B171C2B910078FA3F /* RootViewController.h */ = {isa = PBXFileReference; lastKnownFileType = sourcecode.c.h; path = RootViewController.h; sourceTree = "<group>"; };
		18367A5C171C2B910078FA3F /* RootViewController.m */ = {isa = PBXFileReference; lastKnownFileType = sourcecode.c.objc; path = RootViewController.m; sourceTree = "<group>"; };
		18367A5E171C2B910078FA3F /* HelloWorldLayer.h */ = {isa = PBXFileReference; lastKnownFileType = sourcecode.c.h; path = HelloWorldLayer.h; sourceTree = "<group>"; };
		18367A5F171C2B910078FA3F /* HelloWorldLayer.m */ = {isa = PBXFileReference; lastKnownFileType = sourcecode.c.objc; path = HelloWorldLayer.m; sourceTree = "<group>"; };
		18367A61171C2B910078FA3F /* GameConfig.h */ = {isa = PBXFileReference; lastKnownFileType = sourcecode.c.h; path = GameConfig.h; sourceTree = "<group>"; };
		18367A67171C2BA40078FA3F /* JXTextureManager.h */ = {isa = PBXFileReference; fileEncoding = 4; lastKnownFileType = sourcecode.c.h; path = JXTextureManager.h; sourceTree = "<group>"; };
		18367A68171C2BA40078FA3F /* JXTextureManager.m */ = {isa = PBXFileReference; fileEncoding = 4; lastKnownFileType = sourcecode.c.objc; path = JXTextureManager.m; sourceTree = "<group>"; };
/* End PBXFileReference section */

/* Begin PBXFrameworksBuildPhase section */
		183678F0171C2B8C0078FA3F /* Frameworks */ = {
			isa = PBXFrameworksBuildPhase;
			buildActionMask = 2147483647;
			files = (
				183678F7171C2B8C0078FA3F /* QuartzCore.framework in Frameworks */,
				183678F9171C2B8C0078FA3F /* OpenGLES.framework in Frameworks */,
				183678FB171C2B8C0078FA3F /* OpenAL.framework in Frameworks */,
				183678FD171C2B8C0078FA3F /* AudioToolbox.framework in Frameworks */,
				183678FF171C2B8C0078FA3F /* AVFoundation.framework in Frameworks */,
				18367901171C2B8C0078FA3F /* UIKit.framework in Frameworks */,
				18367903171C2B8C0078FA3F /* Foundation.framework in Frameworks */,
				18367905171C2B8C0078FA3F /* CoreGraphics.framework in Frameworks */,
			);
			runOnlyForDeploymentPostprocessing = 0;
		};
/* End PBXFrameworksBuildPhase section */

/* Begin PBXGroup section */
		183678EA171C2B8C0078FA3F = {
			isa = PBXGroup;
			children = (
				18367906171C2B8C0078FA3F /* JXTextureManager */,
				183678F5171C2B8C0078FA3F /* Frameworks */,
				183678F4171C2B8C0078FA3F /* Products */,
			);
			sourceTree = "<group>";
		};
		183678F4171C2B8C0078FA3F /* Products */ = {
			isa = PBXGroup;
			children = (
				183678F3171C2B8C0078FA3F /* JXTextureManager.app */,
			);
			name = Products;
			sourceTree = "<group>";
		};
		183678F5171C2B8C0078FA3F /* Frameworks */ = {
			isa = PBXGroup;
			children = (
				183678F6171C2B8C0078FA3F /* QuartzCore.framework */,
				183678F8171C2B8C0078FA3F /* OpenGLES.framework */,
				183678FA171C2B8C0078FA3F /* OpenAL.framework */,
				183678FC171C2B8C0078FA3F /* AudioToolbox.framework */,
				183678FE171C2B8C0078FA3F /* AVFoundation.framework */,
				18367900171C2B8C0078FA3F /* UIKit.framework */,
				18367902171C2B8C0078FA3F /* Foundation.framework */,
				18367904171C2B8C0078FA3F /* CoreGraphics.framework */,
			);
			name = Frameworks;
			sourceTree = "<group>";
		};
		18367906171C2B8C0078FA3F /* JXTextureManager */ = {
			isa = PBXGroup;
			children = (
				18367A67171C2BA40078FA3F /* JXTextureManager.h */,
				18367A68171C2BA40078FA3F /* JXTextureManager.m */,
				18367A58171C2B910078FA3F /* AppDelegate.h */,
				18367A59171C2B910078FA3F /* AppDelegate.m */,
				18367A5B171C2B910078FA3F /* RootViewController.h */,
				18367A5C171C2B910078FA3F /* RootViewController.m */,
				18367A5E171C2B910078FA3F /* HelloWorldLayer.h */,
				18367A5F171C2B910078FA3F /* HelloWorldLayer.m */,
				18367A61171C2B910078FA3F /* GameConfig.h */,
				18367907171C2B8C0078FA3F /* Resources */,
				1836791B171C2B8C0078FA3F /* libs */,
				18367A54171C2B910078FA3F /* Supporting Files */,
			);
			path = JXTextureManager;
			sourceTree = "<group>";
		};
		18367907171C2B8C0078FA3F /* Resources */ = {
			isa = PBXGroup;
			children = (
				18367908171C2B8C0078FA3F /* Default.png */,
				1836790A171C2B8C0078FA3F /* fps_images.png */,
				1836790C171C2B8C0078FA3F /* Icon-72.png */,
				1836790E171C2B8C0078FA3F /* Icon-Small-50.png */,
				18367910171C2B8C0078FA3F /* Icon-Small.png */,
				18367912171C2B8C0078FA3F /* Icon-Small@2x.png */,
				18367914171C2B8C0078FA3F /* Icon.png */,
				18367916171C2B8C0078FA3F /* Icon@2x.png */,
				18367918171C2B8C0078FA3F /* Info.plist */,
				18367919171C2B8C0078FA3F /* iTunesArtwork */,
			);
			name = Resources;
			sourceTree = "<group>";
		};
		1836791B171C2B8C0078FA3F /* libs */ = {
			isa = PBXGroup;
			children = (
				18367A11171C2B900078FA3F /* LICENSE_cocos2d.txt */,
				18367A20171C2B900078FA3F /* LICENSE_CocosDenshion.txt */,
				18367A2B171C2B900078FA3F /* LICENSE_TouchJSON.txt */,
				18367A53171C2B910078FA3F /* LICENSE_FontLabel.txt */,
				1836791C171C2B8C0078FA3F /* cocos2d */,
				18367A12171C2B900078FA3F /* CocosDenshion */,
				18367A21171C2B900078FA3F /* cocoslive */,
				18367A2C171C2B900078FA3F /* TouchJSON */,
				18367A42171C2B910078FA3F /* FontLabel */,
			);
			name = libs;
			sourceTree = "<group>";
		};
		1836791C171C2B8C0078FA3F /* cocos2d */ = {
			isa = PBXGroup;
			children = (
				1836791D171C2B8C0078FA3F /* CCAction.h */,
				1836791E171C2B8C0078FA3F /* CCAction.m */,
				18367920171C2B8C0078FA3F /* CCActionCamera.h */,
				18367921171C2B8C0078FA3F /* CCActionCamera.m */,
				18367923171C2B8C0078FA3F /* CCActionEase.h */,
				18367924171C2B8C0078FA3F /* CCActionEase.m */,
				18367926171C2B8C0078FA3F /* CCActionGrid.h */,
				18367927171C2B8C0078FA3F /* CCActionGrid.m */,
				18367929171C2B8C0078FA3F /* CCActionGrid3D.h */,
				1836792A171C2B8D0078FA3F /* CCActionGrid3D.m */,
				1836792C171C2B8D0078FA3F /* CCActionInstant.h */,
				1836792D171C2B8D0078FA3F /* CCActionInstant.m */,
				1836792F171C2B8D0078FA3F /* CCActionInterval.h */,
				18367930171C2B8D0078FA3F /* CCActionInterval.m */,
				18367932171C2B8D0078FA3F /* CCActionManager.h */,
				18367933171C2B8D0078FA3F /* CCActionManager.m */,
				18367935171C2B8D0078FA3F /* CCActionPageTurn3D.h */,
				18367936171C2B8D0078FA3F /* CCActionPageTurn3D.m */,
				18367938171C2B8D0078FA3F /* CCActionProgressTimer.h */,
				18367939171C2B8D0078FA3F /* CCActionProgressTimer.m */,
				1836793B171C2B8D0078FA3F /* CCActionTiledGrid.h */,
				1836793C171C2B8D0078FA3F /* CCActionTiledGrid.m */,
				1836793E171C2B8D0078FA3F /* CCActionTween.h */,
				1836793F171C2B8D0078FA3F /* CCActionTween.m */,
				18367941171C2B8D0078FA3F /* CCAnimation.h */,
				18367942171C2B8D0078FA3F /* CCAnimation.m */,
				18367944171C2B8D0078FA3F /* CCAnimationCache.h */,
				18367945171C2B8D0078FA3F /* CCAnimationCache.m */,
				18367947171C2B8D0078FA3F /* CCAtlasNode.h */,
				18367948171C2B8D0078FA3F /* CCAtlasNode.m */,
				1836794A171C2B8D0078FA3F /* CCBlockSupport.h */,
				1836794B171C2B8D0078FA3F /* CCBlockSupport.m */,
				1836794D171C2B8D0078FA3F /* CCCamera.h */,
				1836794E171C2B8D0078FA3F /* CCCamera.m */,
				18367950171C2B8D0078FA3F /* ccConfig.h */,
				18367951171C2B8D0078FA3F /* CCConfiguration.h */,
				18367952171C2B8D0078FA3F /* CCConfiguration.m */,
				18367954171C2B8D0078FA3F /* CCDirector.h */,
				18367955171C2B8D0078FA3F /* CCDirector.m */,
				18367957171C2B8D0078FA3F /* CCDrawingPrimitives.h */,
				18367958171C2B8D0078FA3F /* CCDrawingPrimitives.m */,
				1836795A171C2B8D0078FA3F /* CCGrabber.h */,
				1836795B171C2B8D0078FA3F /* CCGrabber.m */,
				1836795D171C2B8D0078FA3F /* CCGrid.h */,
				1836795E171C2B8D0078FA3F /* CCGrid.m */,
				18367960171C2B8D0078FA3F /* CCLabelAtlas.h */,
				18367961171C2B8D0078FA3F /* CCLabelAtlas.m */,
				18367963171C2B8D0078FA3F /* CCLabelBMFont.h */,
				18367964171C2B8D0078FA3F /* CCLabelBMFont.m */,
				18367966171C2B8D0078FA3F /* CCLabelTTF.h */,
				18367967171C2B8D0078FA3F /* CCLabelTTF.m */,
				18367969171C2B8D0078FA3F /* CCLayer.h */,
				1836796A171C2B8D0078FA3F /* CCLayer.m */,
				1836796C171C2B8D0078FA3F /* ccMacros.h */,
				1836796D171C2B8D0078FA3F /* CCMenu.h */,
				1836796E171C2B8D0078FA3F /* CCMenu.m */,
				18367970171C2B8D0078FA3F /* CCMenuItem.h */,
				18367971171C2B8D0078FA3F /* CCMenuItem.m */,
				18367973171C2B8D0078FA3F /* CCMotionStreak.h */,
				18367974171C2B8D0078FA3F /* CCMotionStreak.m */,
				18367976171C2B8D0078FA3F /* CCNode.h */,
				18367977171C2B8D0078FA3F /* CCNode.m */,
				18367979171C2B8D0078FA3F /* CCParallaxNode.h */,
				1836797A171C2B8E0078FA3F /* CCParallaxNode.m */,
				1836797C171C2B8E0078FA3F /* CCParticleExamples.h */,
				1836797D171C2B8E0078FA3F /* CCParticleExamples.m */,
				1836797F171C2B8E0078FA3F /* CCParticleSystem.h */,
				18367980171C2B8E0078FA3F /* CCParticleSystem.m */,
				18367982171C2B8E0078FA3F /* CCParticleSystemPoint.h */,
				18367983171C2B8E0078FA3F /* CCParticleSystemPoint.m */,
				18367985171C2B8E0078FA3F /* CCParticleSystemQuad.h */,
				18367986171C2B8E0078FA3F /* CCParticleSystemQuad.m */,
				18367988171C2B8E0078FA3F /* CCProgressTimer.h */,
				18367989171C2B8E0078FA3F /* CCProgressTimer.m */,
				1836798B171C2B8E0078FA3F /* CCProtocols.h */,
				1836798C171C2B8E0078FA3F /* CCRenderTexture.h */,
				1836798D171C2B8E0078FA3F /* CCRenderTexture.m */,
				1836798F171C2B8E0078FA3F /* CCRibbon.h */,
				18367990171C2B8E0078FA3F /* CCRibbon.m */,
				18367992171C2B8E0078FA3F /* CCScene.h */,
				18367993171C2B8E0078FA3F /* CCScene.m */,
				18367995171C2B8E0078FA3F /* CCScheduler.h */,
				18367996171C2B8E0078FA3F /* CCScheduler.m */,
				18367998171C2B8E0078FA3F /* CCSprite.h */,
				18367999171C2B8E0078FA3F /* CCSprite.m */,
				1836799B171C2B8E0078FA3F /* CCSpriteBatchNode.h */,
				1836799C171C2B8E0078FA3F /* CCSpriteBatchNode.m */,
				1836799E171C2B8E0078FA3F /* CCSpriteFrame.h */,
				1836799F171C2B8E0078FA3F /* CCSpriteFrame.m */,
				183679A1171C2B8E0078FA3F /* CCSpriteFrameCache.h */,
				183679A2171C2B8E0078FA3F /* CCSpriteFrameCache.m */,
				183679A4171C2B8E0078FA3F /* CCTexture2D.h */,
				183679A5171C2B8E0078FA3F /* CCTexture2D.m */,
				183679A7171C2B8E0078FA3F /* CCTextureAtlas.h */,
				183679A8171C2B8E0078FA3F /* CCTextureAtlas.m */,
				183679AA171C2B8E0078FA3F /* CCTextureCache.h */,
				183679AB171C2B8E0078FA3F /* CCTextureCache.m */,
				183679AD171C2B8E0078FA3F /* CCTexturePVR.h */,
				183679AE171C2B8E0078FA3F /* CCTexturePVR.m */,
				183679B0171C2B8E0078FA3F /* CCTileMapAtlas.h */,
				183679B1171C2B8E0078FA3F /* CCTileMapAtlas.m */,
				183679B3171C2B8E0078FA3F /* CCTMXLayer.h */,
				183679B4171C2B8F0078FA3F /* CCTMXLayer.m */,
				183679B6171C2B8F0078FA3F /* CCTMXObjectGroup.h */,
				183679B7171C2B8F0078FA3F /* CCTMXObjectGroup.m */,
				183679B9171C2B8F0078FA3F /* CCTMXTiledMap.h */,
				183679BA171C2B8F0078FA3F /* CCTMXTiledMap.m */,
				183679BC171C2B8F0078FA3F /* CCTMXXMLParser.h */,
				183679BD171C2B8F0078FA3F /* CCTMXXMLParser.m */,
				183679BF171C2B8F0078FA3F /* CCTransition.h */,
				183679C0171C2B8F0078FA3F /* CCTransition.m */,
				183679C2171C2B8F0078FA3F /* CCTransitionPageTurn.h */,
				183679C3171C2B8F0078FA3F /* CCTransitionPageTurn.m */,
				183679C5171C2B8F0078FA3F /* CCTransitionRadial.h */,
				183679C6171C2B8F0078FA3F /* CCTransitionRadial.m */,
				183679C8171C2B8F0078FA3F /* ccTypes.h */,
				183679C9171C2B8F0078FA3F /* cocos2d.h */,
				183679CA171C2B8F0078FA3F /* cocos2d.m */,
				183679CC171C2B8F0078FA3F /* Platforms */,
				183679F1171C2B8F0078FA3F /* Support */,
			);
			name = cocos2d;
			sourceTree = "<group>";
		};
		183679CC171C2B8F0078FA3F /* Platforms */ = {
			isa = PBXGroup;
			children = (
				183679CD171C2B8F0078FA3F /* CCGL.h */,
				183679CE171C2B8F0078FA3F /* CCNS.h */,
				183679CF171C2B8F0078FA3F /* iOS */,
				183679E4171C2B8F0078FA3F /* Mac */,
			);
			name = Platforms;
			sourceTree = "<group>";
		};
		183679CF171C2B8F0078FA3F /* iOS */ = {
			isa = PBXGroup;
			children = (
				183679D0171C2B8F0078FA3F /* CCDirectorIOS.h */,
				183679D1171C2B8F0078FA3F /* CCDirectorIOS.m */,
				183679D3171C2B8F0078FA3F /* CCTouchDelegateProtocol.h */,
				183679D4171C2B8F0078FA3F /* CCTouchDispatcher.h */,
				183679D5171C2B8F0078FA3F /* CCTouchDispatcher.m */,
				183679D7171C2B8F0078FA3F /* CCTouchHandler.h */,
				183679D8171C2B8F0078FA3F /* CCTouchHandler.m */,
				183679DA171C2B8F0078FA3F /* EAGLView.h */,
				183679DB171C2B8F0078FA3F /* EAGLView.m */,
				183679DD171C2B8F0078FA3F /* ES1Renderer.h */,
				183679DE171C2B8F0078FA3F /* ES1Renderer.m */,
				183679E0171C2B8F0078FA3F /* ESRenderer.h */,
				183679E1171C2B8F0078FA3F /* glu.c */,
				183679E3171C2B8F0078FA3F /* glu.h */,
			);
			name = iOS;
			sourceTree = "<group>";
		};
		183679E4171C2B8F0078FA3F /* Mac */ = {
			isa = PBXGroup;
			children = (
				183679E5171C2B8F0078FA3F /* CCDirectorMac.h */,
				183679E6171C2B8F0078FA3F /* CCDirectorMac.m */,
				183679E8171C2B8F0078FA3F /* CCEventDispatcher.h */,
				183679E9171C2B8F0078FA3F /* CCEventDispatcher.m */,
				183679EB171C2B8F0078FA3F /* MacGLView.h */,
				183679EC171C2B8F0078FA3F /* MacGLView.m */,
				183679EE171C2B8F0078FA3F /* MacWindow.h */,
				183679EF171C2B8F0078FA3F /* MacWindow.m */,
			);
			name = Mac;
			sourceTree = "<group>";
		};
		183679F1171C2B8F0078FA3F /* Support */ = {
			isa = PBXGroup;
			children = (
				183679F2171C2B8F0078FA3F /* base64.c */,
				183679F4171C2B8F0078FA3F /* base64.h */,
				183679F5171C2B8F0078FA3F /* CCArray.h */,
				183679F6171C2B8F0078FA3F /* CCArray.m */,
				183679F8171C2B8F0078FA3F /* ccCArray.h */,
				183679F9171C2B8F0078FA3F /* CCFileUtils.h */,
				183679FA171C2B900078FA3F /* CCFileUtils.m */,
				183679FC171C2B900078FA3F /* CCProfiling.h */,
				183679FD171C2B900078FA3F /* CCProfiling.m */,
				183679FF171C2B900078FA3F /* ccUtils.c */,
				18367A01171C2B900078FA3F /* ccUtils.h */,
				18367A02171C2B900078FA3F /* CGPointExtension.h */,
				18367A03171C2B900078FA3F /* CGPointExtension.m */,
				18367A05171C2B900078FA3F /* OpenGL_Internal.h */,
				18367A06171C2B900078FA3F /* TGAlib.h */,
				18367A07171C2B900078FA3F /* TGAlib.m */,
				18367A09171C2B900078FA3F /* TransformUtils.h */,
				18367A0A171C2B900078FA3F /* TransformUtils.m */,
				18367A0C171C2B900078FA3F /* uthash.h */,
				18367A0D171C2B900078FA3F /* utlist.h */,
				18367A0E171C2B900078FA3F /* ZipUtils.h */,
				18367A0F171C2B900078FA3F /* ZipUtils.m */,
			);
			name = Support;
			sourceTree = "<group>";
		};
		18367A12171C2B900078FA3F /* CocosDenshion */ = {
			isa = PBXGroup;
			children = (
				18367A13171C2B900078FA3F /* CDAudioManager.h */,
				18367A14171C2B900078FA3F /* CDAudioManager.m */,
				18367A16171C2B900078FA3F /* CDConfig.h */,
				18367A17171C2B900078FA3F /* CDOpenALSupport.h */,
				18367A18171C2B900078FA3F /* CDOpenALSupport.m */,
				18367A1A171C2B900078FA3F /* CocosDenshion.h */,
				18367A1B171C2B900078FA3F /* CocosDenshion.m */,
				18367A1D171C2B900078FA3F /* SimpleAudioEngine.h */,
				18367A1E171C2B900078FA3F /* SimpleAudioEngine.m */,
			);
			name = CocosDenshion;
			sourceTree = "<group>";
		};
		18367A21171C2B900078FA3F /* cocoslive */ = {
			isa = PBXGroup;
			children = (
				18367A22171C2B900078FA3F /* CLScoreServerPost.h */,
				18367A23171C2B900078FA3F /* CLScoreServerPost.m */,
				18367A25171C2B900078FA3F /* CLScoreServerRequest.h */,
				18367A26171C2B900078FA3F /* CLScoreServerRequest.m */,
				18367A28171C2B900078FA3F /* cocoslive.h */,
				18367A29171C2B900078FA3F /* cocoslive.m */,
			);
			name = cocoslive;
			sourceTree = "<group>";
		};
		18367A2C171C2B900078FA3F /* TouchJSON */ = {
			isa = PBXGroup;
			children = (
				18367A2D171C2B900078FA3F /* CDataScanner.h */,
				18367A2E171C2B910078FA3F /* CDataScanner.m */,
				18367A30171C2B910078FA3F /* Extensions */,
				18367A37171C2B910078FA3F /* JSON */,
			);
			name = TouchJSON;
			sourceTree = "<group>";
		};
		18367A30171C2B910078FA3F /* Extensions */ = {
			isa = PBXGroup;
			children = (
				18367A31171C2B910078FA3F /* CDataScanner_Extensions.h */,
				18367A32171C2B910078FA3F /* CDataScanner_Extensions.m */,
				18367A34171C2B910078FA3F /* NSDictionary_JSONExtensions.h */,
				18367A35171C2B910078FA3F /* NSDictionary_JSONExtensions.m */,
			);
			name = Extensions;
			sourceTree = "<group>";
		};
		18367A37171C2B910078FA3F /* JSON */ = {
			isa = PBXGroup;
			children = (
				18367A38171C2B910078FA3F /* CJSONDeserializer.h */,
				18367A39171C2B910078FA3F /* CJSONDeserializer.m */,
				18367A3B171C2B910078FA3F /* CJSONScanner.h */,
				18367A3C171C2B910078FA3F /* CJSONScanner.m */,
				18367A3E171C2B910078FA3F /* CJSONSerializer.h */,
				18367A3F171C2B910078FA3F /* CJSONSerializer.m */,
				18367A41171C2B910078FA3F /* JSONRepresentation.h */,
			);
			name = JSON;
			sourceTree = "<group>";
		};
		18367A42171C2B910078FA3F /* FontLabel */ = {
			isa = PBXGroup;
			children = (
				18367A43171C2B910078FA3F /* FontLabel.h */,
				18367A44171C2B910078FA3F /* FontLabel.m */,
				18367A46171C2B910078FA3F /* FontLabelStringDrawing.h */,
				18367A47171C2B910078FA3F /* FontLabelStringDrawing.m */,
				18367A49171C2B910078FA3F /* FontManager.h */,
				18367A4A171C2B910078FA3F /* FontManager.m */,
				18367A4C171C2B910078FA3F /* ZAttributedString.h */,
				18367A4D171C2B910078FA3F /* ZAttributedString.m */,
				18367A4F171C2B910078FA3F /* ZAttributedStringPrivate.h */,
				18367A50171C2B910078FA3F /* ZFont.h */,
				18367A51171C2B910078FA3F /* ZFont.m */,
			);
			name = FontLabel;
			sourceTree = "<group>";
		};
		18367A54171C2B910078FA3F /* Supporting Files */ = {
			isa = PBXGroup;
			children = (
				18367A55171C2B910078FA3F /* Prefix.pch */,
				18367A56171C2B910078FA3F /* main.m */,
			);
			name = "Supporting Files";
			sourceTree = "<group>";
		};
/* End PBXGroup section */

/* Begin PBXNativeTarget section */
		183678F2171C2B8C0078FA3F /* JXTextureManager */ = {
			isa = PBXNativeTarget;
			buildConfigurationList = 18367A64171C2B910078FA3F /* Build configuration list for PBXNativeTarget "JXTextureManager" */;
			buildPhases = (
				183678EF171C2B8C0078FA3F /* Sources */,
				183678F0171C2B8C0078FA3F /* Frameworks */,
				183678F1171C2B8C0078FA3F /* Resources */,
			);
			buildRules = (
			);
			dependencies = (
			);
			name = JXTextureManager;
			productName = JXTextureManager;
			productReference = 183678F3171C2B8C0078FA3F /* JXTextureManager.app */;
			productType = "com.apple.product-type.application";
		};
/* End PBXNativeTarget section */

/* Begin PBXProject section */
		183678EB171C2B8C0078FA3F /* Project object */ = {
			isa = PBXProject;
			attributes = {
				LastUpgradeCheck = 0460;
			};
			buildConfigurationList = 183678EE171C2B8C0078FA3F /* Build configuration list for PBXProject "JXTextureManager" */;
			compatibilityVersion = "Xcode 3.2";
			developmentRegion = English;
			hasScannedForEncodings = 0;
			knownRegions = (
				en,
			);
			mainGroup = 183678EA171C2B8C0078FA3F;
			productRefGroup = 183678F4171C2B8C0078FA3F /* Products */;
			projectDirPath = "";
			projectRoot = "";
			targets = (
				183678F2171C2B8C0078FA3F /* JXTextureManager */,
			);
		};
/* End PBXProject section */

/* Begin PBXResourcesBuildPhase section */
		183678F1171C2B8C0078FA3F /* Resources */ = {
			isa = PBXResourcesBuildPhase;
			buildActionMask = 2147483647;
			files = (
				18367909171C2B8C0078FA3F /* Default.png in Resources */,
				1836790B171C2B8C0078FA3F /* fps_images.png in Resources */,
				1836790D171C2B8C0078FA3F /* Icon-72.png in Resources */,
				1836790F171C2B8C0078FA3F /* Icon-Small-50.png in Resources */,
				18367911171C2B8C0078FA3F /* Icon-Small.png in Resources */,
				18367913171C2B8C0078FA3F /* Icon-Small@2x.png in Resources */,
				18367915171C2B8C0078FA3F /* Icon.png in Resources */,
				18367917171C2B8C0078FA3F /* Icon@2x.png in Resources */,
				1836791A171C2B8C0078FA3F /* iTunesArtwork in Resources */,
			);
			runOnlyForDeploymentPostprocessing = 0;
		};
/* End PBXResourcesBuildPhase section */

/* Begin PBXSourcesBuildPhase section */
		183678EF171C2B8C0078FA3F /* Sources */ = {
			isa = PBXSourcesBuildPhase;
			buildActionMask = 2147483647;
			files = (
				1836791F171C2B8C0078FA3F /* CCAction.m in Sources */,
				18367922171C2B8C0078FA3F /* CCActionCamera.m in Sources */,
				18367925171C2B8C0078FA3F /* CCActionEase.m in Sources */,
				18367928171C2B8C0078FA3F /* CCActionGrid.m in Sources */,
				1836792B171C2B8D0078FA3F /* CCActionGrid3D.m in Sources */,
				1836792E171C2B8D0078FA3F /* CCActionInstant.m in Sources */,
				18367931171C2B8D0078FA3F /* CCActionInterval.m in Sources */,
				18367934171C2B8D0078FA3F /* CCActionManager.m in Sources */,
				18367937171C2B8D0078FA3F /* CCActionPageTurn3D.m in Sources */,
				1836793A171C2B8D0078FA3F /* CCActionProgressTimer.m in Sources */,
				1836793D171C2B8D0078FA3F /* CCActionTiledGrid.m in Sources */,
				18367940171C2B8D0078FA3F /* CCActionTween.m in Sources */,
				18367943171C2B8D0078FA3F /* CCAnimation.m in Sources */,
				18367946171C2B8D0078FA3F /* CCAnimationCache.m in Sources */,
				18367949171C2B8D0078FA3F /* CCAtlasNode.m in Sources */,
				1836794C171C2B8D0078FA3F /* CCBlockSupport.m in Sources */,
				1836794F171C2B8D0078FA3F /* CCCamera.m in Sources */,
				18367953171C2B8D0078FA3F /* CCConfiguration.m in Sources */,
				18367956171C2B8D0078FA3F /* CCDirector.m in Sources */,
				18367959171C2B8D0078FA3F /* CCDrawingPrimitives.m in Sources */,
				1836795C171C2B8D0078FA3F /* CCGrabber.m in Sources */,
				1836795F171C2B8D0078FA3F /* CCGrid.m in Sources */,
				18367962171C2B8D0078FA3F /* CCLabelAtlas.m in Sources */,
				18367965171C2B8D0078FA3F /* CCLabelBMFont.m in Sources */,
				18367968171C2B8D0078FA3F /* CCLabelTTF.m in Sources */,
				1836796B171C2B8D0078FA3F /* CCLayer.m in Sources */,
				1836796F171C2B8D0078FA3F /* CCMenu.m in Sources */,
				18367972171C2B8D0078FA3F /* CCMenuItem.m in Sources */,
				18367975171C2B8D0078FA3F /* CCMotionStreak.m in Sources */,
				18367978171C2B8D0078FA3F /* CCNode.m in Sources */,
				1836797B171C2B8E0078FA3F /* CCParallaxNode.m in Sources */,
				1836797E171C2B8E0078FA3F /* CCParticleExamples.m in Sources */,
				18367981171C2B8E0078FA3F /* CCParticleSystem.m in Sources */,
				18367984171C2B8E0078FA3F /* CCParticleSystemPoint.m in Sources */,
				18367987171C2B8E0078FA3F /* CCParticleSystemQuad.m in Sources */,
				1836798A171C2B8E0078FA3F /* CCProgressTimer.m in Sources */,
				1836798E171C2B8E0078FA3F /* CCRenderTexture.m in Sources */,
				18367991171C2B8E0078FA3F /* CCRibbon.m in Sources */,
				18367994171C2B8E0078FA3F /* CCScene.m in Sources */,
				18367997171C2B8E0078FA3F /* CCScheduler.m in Sources */,
				1836799A171C2B8E0078FA3F /* CCSprite.m in Sources */,
				1836799D171C2B8E0078FA3F /* CCSpriteBatchNode.m in Sources */,
				183679A0171C2B8E0078FA3F /* CCSpriteFrame.m in Sources */,
				183679A3171C2B8E0078FA3F /* CCSpriteFrameCache.m in Sources */,
				183679A6171C2B8E0078FA3F /* CCTexture2D.m in Sources */,
				183679A9171C2B8E0078FA3F /* CCTextureAtlas.m in Sources */,
				183679AC171C2B8E0078FA3F /* CCTextureCache.m in Sources */,
				183679AF171C2B8E0078FA3F /* CCTexturePVR.m in Sources */,
				183679B2171C2B8E0078FA3F /* CCTileMapAtlas.m in Sources */,
				183679B5171C2B8F0078FA3F /* CCTMXLayer.m in Sources */,
				183679B8171C2B8F0078FA3F /* CCTMXObjectGroup.m in Sources */,
				183679BB171C2B8F0078FA3F /* CCTMXTiledMap.m in Sources */,
				183679BE171C2B8F0078FA3F /* CCTMXXMLParser.m in Sources */,
				183679C1171C2B8F0078FA3F /* CCTransition.m in Sources */,
				183679C4171C2B8F0078FA3F /* CCTransitionPageTurn.m in Sources */,
				183679C7171C2B8F0078FA3F /* CCTransitionRadial.m in Sources */,
				183679CB171C2B8F0078FA3F /* cocos2d.m in Sources */,
				183679D2171C2B8F0078FA3F /* CCDirectorIOS.m in Sources */,
				183679D6171C2B8F0078FA3F /* CCTouchDispatcher.m in Sources */,
				183679D9171C2B8F0078FA3F /* CCTouchHandler.m in Sources */,
				183679DC171C2B8F0078FA3F /* EAGLView.m in Sources */,
				183679DF171C2B8F0078FA3F /* ES1Renderer.m in Sources */,
				183679E2171C2B8F0078FA3F /* glu.c in Sources */,
				183679E7171C2B8F0078FA3F /* CCDirectorMac.m in Sources */,
				183679EA171C2B8F0078FA3F /* CCEventDispatcher.m in Sources */,
				183679ED171C2B8F0078FA3F /* MacGLView.m in Sources */,
				183679F0171C2B8F0078FA3F /* MacWindow.m in Sources */,
				183679F3171C2B8F0078FA3F /* base64.c in Sources */,
				183679F7171C2B8F0078FA3F /* CCArray.m in Sources */,
				183679FB171C2B900078FA3F /* CCFileUtils.m in Sources */,
				183679FE171C2B900078FA3F /* CCProfiling.m in Sources */,
				18367A00171C2B900078FA3F /* ccUtils.c in Sources */,
				18367A04171C2B900078FA3F /* CGPointExtension.m in Sources */,
				18367A08171C2B900078FA3F /* TGAlib.m in Sources */,
				18367A0B171C2B900078FA3F /* TransformUtils.m in Sources */,
				18367A10171C2B900078FA3F /* ZipUtils.m in Sources */,
				18367A15171C2B900078FA3F /* CDAudioManager.m in Sources */,
				18367A19171C2B900078FA3F /* CDOpenALSupport.m in Sources */,
				18367A1C171C2B900078FA3F /* CocosDenshion.m in Sources */,
				18367A1F171C2B900078FA3F /* SimpleAudioEngine.m in Sources */,
				18367A24171C2B900078FA3F /* CLScoreServerPost.m in Sources */,
				18367A27171C2B900078FA3F /* CLScoreServerRequest.m in Sources */,
				18367A2A171C2B900078FA3F /* cocoslive.m in Sources */,
				18367A2F171C2B910078FA3F /* CDataScanner.m in Sources */,
				18367A33171C2B910078FA3F /* CDataScanner_Extensions.m in Sources */,
				18367A36171C2B910078FA3F /* NSDictionary_JSONExtensions.m in Sources */,
				18367A3A171C2B910078FA3F /* CJSONDeserializer.m in Sources */,
				18367A3D171C2B910078FA3F /* CJSONScanner.m in Sources */,
				18367A40171C2B910078FA3F /* CJSONSerializer.m in Sources */,
				18367A45171C2B910078FA3F /* FontLabel.m in Sources */,
				18367A48171C2B910078FA3F /* FontLabelStringDrawing.m in Sources */,
				18367A4B171C2B910078FA3F /* FontManager.m in Sources */,
				18367A4E171C2B910078FA3F /* ZAttributedString.m in Sources */,
				18367A52171C2B910078FA3F /* ZFont.m in Sources */,
				18367A57171C2B910078FA3F /* main.m in Sources */,
				18367A5A171C2B910078FA3F /* AppDelegate.m in Sources */,
				18367A5D171C2B910078FA3F /* RootViewController.m in Sources */,
				18367A60171C2B910078FA3F /* HelloWorldLayer.m in Sources */,
				18367A69171C2BA40078FA3F /* JXTextureManager.m in Sources */,
			);
			runOnlyForDeploymentPostprocessing = 0;
		};
/* End PBXSourcesBuildPhase section */

/* Begin XCBuildConfiguration section */
		18367A62171C2B910078FA3F /* Debug */ = {
			isa = XCBuildConfiguration;
			buildSettings = {
				ARCHS = "$(ARCHS_STANDARD_32_BIT)";
				"CODE_SIGN_IDENTITY[sdk=iphoneos*]" = "iPhone Developer";
				GCC_C_LANGUAGE_STANDARD = gnu99;
				GCC_OPTIMIZATION_LEVEL = 0;
				GCC_PREPROCESSOR_DEFINITIONS = (
					DEBUG,
					"COCOS2D_DEBUG=1",
				);
				GCC_SYMBOLS_PRIVATE_EXTERN = NO;
				GCC_VERSION = com.apple.compilers.llvmgcc42;
				GCC_WARN_ABOUT_RETURN_TYPE = YES;
				GCC_WARN_UNUSED_VARIABLE = YES;
				IPHONEOS_DEPLOYMENT_TARGET = 5.0;
				SDKROOT = iphoneos;
			};
			name = Debug;
		};
		18367A63171C2B910078FA3F /* Release */ = {
			isa = XCBuildConfiguration;
			buildSettings = {
				ARCHS = "$(ARCHS_STANDARD_32_BIT)";
				"CODE_SIGN_IDENTITY[sdk=iphoneos*]" = "iPhone Developer";
				GCC_C_LANGUAGE_STANDARD = gnu99;
				GCC_PREPROCESSOR_DEFINITIONS = NDEBUG;
				GCC_VERSION = com.apple.compilers.llvmgcc42;
				GCC_WARN_ABOUT_RETURN_TYPE = YES;
				GCC_WARN_UNUSED_VARIABLE = YES;
				IPHONEOS_DEPLOYMENT_TARGET = 5.0;
				OTHER_CFLAGS = "-DNS_BLOCK_ASSERTIONS=1";
				SDKROOT = iphoneos;
			};
			name = Release;
		};
		18367A65171C2B910078FA3F /* Debug */ = {
			isa = XCBuildConfiguration;
			buildSettings = {
				ALWAYS_SEARCH_USER_PATHS = NO;
				COPY_PHASE_STRIP = NO;
				GCC_DYNAMIC_NO_PIC = NO;
				GCC_PRECOMPILE_PREFIX_HEADER = YES;
				GCC_PREFIX_HEADER = JXTextureManager/Prefix.pch;
				"GCC_THUMB_SUPPORT[arch=armv6]" = "";
				GCC_VERSION = com.apple.compilers.llvm.clang.1_0;
				INFOPLIST_FILE = JXTextureManager/Resources/Info.plist;
				IPHONEOS_DEPLOYMENT_TARGET = 6.1;
				OTHER_LDFLAGS = "-lz";
				PRODUCT_NAME = "$(TARGET_NAME)";
				TARGETED_DEVICE_FAMILY = 1;
				WRAPPER_EXTENSION = app;
			};
			name = Debug;
		};
		18367A66171C2B910078FA3F /* Release */ = {
			isa = XCBuildConfiguration;
			buildSettings = {
				ALWAYS_SEARCH_USER_PATHS = NO;
				COPY_PHASE_STRIP = YES;
				GCC_PRECOMPILE_PREFIX_HEADER = YES;
				GCC_PREFIX_HEADER = JXTextureManager/Prefix.pch;
				"GCC_THUMB_SUPPORT[arch=armv6]" = "";
				GCC_VERSION = com.apple.compilers.llvm.clang.1_0;
				INFOPLIST_FILE = JXTextureManager/Resources/Info.plist;
				IPHONEOS_DEPLOYMENT_TARGET = 6.1;
				OTHER_LDFLAGS = "-lz";
				PRODUCT_NAME = "$(TARGET_NAME)";
				TARGETED_DEVICE_FAMILY = 1;
				VALIDATE_PRODUCT = YES;
				WRAPPER_EXTENSION = app;
			};
			name = Release;
		};
/* End XCBuildConfiguration section */

/* Begin XCConfigurationList section */
		183678EE171C2B8C0078FA3F /* Build configuration list for PBXProject "JXTextureManager" */ = {
			isa = XCConfigurationList;
			buildConfigurations = (
				18367A62171C2B910078FA3F /* Debug */,
				18367A63171C2B910078FA3F /* Release */,
			);
			defaultConfigurationIsVisible = 0;
			defaultConfigurationName = Release;
		};
		18367A64171C2B910078FA3F /* Build configuration list for PBXNativeTarget "JXTextureManager" */ = {
			isa = XCConfigurationList;
			buildConfigurations = (
				18367A65171C2B910078FA3F /* Debug */,
				18367A66171C2B910078FA3F /* Release */,
			);
			defaultConfigurationIsVisible = 0;
		};
/* End XCConfigurationList section */
	};
	rootObject = 183678EB171C2B8C0078FA3F /* Project object */;
}
